// !$*UTF8*$!
{
	archiveVersion = 1;
	classes = {
	};
	objectVersion = 46;
	objects = {

/* Begin PBXBuildFile section */
		0C010EDB1662F9840063670B /* CDAudioManager.m in Sources */ = {isa = PBXBuildFile; fileRef = 0C010E661662F9840063670B /* CDAudioManager.m */; settings = {COMPILER_FLAGS = "-fno-objc-arc"; }; };
		0C010EDC1662F9840063670B /* CDOpenALSupport.m in Sources */ = {isa = PBXBuildFile; fileRef = 0C010E691662F9840063670B /* CDOpenALSupport.m */; settings = {COMPILER_FLAGS = "-fno-objc-arc"; }; };
		0C010EDD1662F9840063670B /* CocosDenshion.m in Sources */ = {isa = PBXBuildFile; fileRef = 0C010E6B1662F9840063670B /* CocosDenshion.m */; settings = {COMPILER_FLAGS = "-fno-objc-arc"; }; };
		0C010EDE1662F9840063670B /* SimpleAudioEngine.m in Sources */ = {isa = PBXBuildFile; fileRef = 0C010E6D1662F9840063670B /* SimpleAudioEngine.m */; settings = {COMPILER_FLAGS = "-fno-objc-arc"; }; };
		0C010F281662FB420063670B /* AudioToolbox.framework in Frameworks */ = {isa = PBXBuildFile; fileRef = 0C010F271662FB420063670B /* AudioToolbox.framework */; };
		0C010F2A1662FB480063670B /* OpenAL.framework in Frameworks */ = {isa = PBXBuildFile; fileRef = 0C010F291662FB480063670B /* OpenAL.framework */; };
		0C010F2C1662FB500063670B /* AVFoundation.framework in Frameworks */ = {isa = PBXBuildFile; fileRef = 0C010F2B1662FB500063670B /* AVFoundation.framework */; };
		0C010F31166308CC0063670B /* SoundLayer.m in Sources */ = {isa = PBXBuildFile; fileRef = 0C010F30166308CC0063670B /* SoundLayer.m */; };
		0C010F52166321DC0063670B /* MainMenuViewController.m in Sources */ = {isa = PBXBuildFile; fileRef = 0C010F50166321DC0063670B /* MainMenuViewController.m */; };
		0C010F53166321DC0063670B /* MainMenuViewController.xib in Resources */ = {isa = PBXBuildFile; fileRef = 0C010F51166321DC0063670B /* MainMenuViewController.xib */; };
		0C01EA7A165F1B7E00ED872E /* Bomber.m in Sources */ = {isa = PBXBuildFile; fileRef = 0C01EA79165F1B7E00ED872E /* Bomber.m */; };
		0C21FDC1164CA2F2006152B9 /* UIKit.framework in Frameworks */ = {isa = PBXBuildFile; fileRef = 0C21FDC0164CA2F2006152B9 /* UIKit.framework */; };
		0C21FDC3164CA2F2006152B9 /* Foundation.framework in Frameworks */ = {isa = PBXBuildFile; fileRef = 0C21FDC2164CA2F2006152B9 /* Foundation.framework */; };
		0C21FDC5164CA2F2006152B9 /* CoreGraphics.framework in Frameworks */ = {isa = PBXBuildFile; fileRef = 0C21FDC4164CA2F2006152B9 /* CoreGraphics.framework */; };
		0C21FDCB164CA2F2006152B9 /* InfoPlist.strings in Resources */ = {isa = PBXBuildFile; fileRef = 0C21FDC9164CA2F2006152B9 /* InfoPlist.strings */; };
		0C21FDCD164CA2F2006152B9 /* main.m in Sources */ = {isa = PBXBuildFile; fileRef = 0C21FDCC164CA2F2006152B9 /* main.m */; };
		0C21FDD1164CA2F2006152B9 /* ExerAppDelegate.m in Sources */ = {isa = PBXBuildFile; fileRef = 0C21FDD0164CA2F2006152B9 /* ExerAppDelegate.m */; };
		0C21FDD9164CA338006152B9 /* GLKit.framework in Frameworks */ = {isa = PBXBuildFile; fileRef = 0C21FDD7164CA338006152B9 /* GLKit.framework */; };
		0C21FDDA164CA338006152B9 /* OpenGLES.framework in Frameworks */ = {isa = PBXBuildFile; fileRef = 0C21FDD8164CA338006152B9 /* OpenGLES.framework */; };
		0C21FDDC164CA33E006152B9 /* QuartzCore.framework in Frameworks */ = {isa = PBXBuildFile; fileRef = 0C21FDDB164CA33E006152B9 /* QuartzCore.framework */; };
		0C21FDE8164CA99F006152B9 /* SGGViewController.m in Sources */ = {isa = PBXBuildFile; fileRef = 0C21FDE7164CA99F006152B9 /* SGGViewController.m */; };
		0C21FDFA164CAC27006152B9 /* ProtoSprite.m in Sources */ = {isa = PBXBuildFile; fileRef = 0C21FDF9164CAC27006152B9 /* ProtoSprite.m */; };
		0C76C5571663447500C548BC /* GameViewController.xib in Resources */ = {isa = PBXBuildFile; fileRef = 0C76C5561663447500C548BC /* GameViewController.xib */; };
		0C76C55B1663517F00C548BC /* EndGameViewController.m in Sources */ = {isa = PBXBuildFile; fileRef = 0C76C5591663517E00C548BC /* EndGameViewController.m */; };
		0C76C55C1663517F00C548BC /* EndGameViewController.xib in Resources */ = {isa = PBXBuildFile; fileRef = 0C76C55A1663517E00C548BC /* EndGameViewController.xib */; };
		0CD02CD416645CDA00A9EB9F /* HighScoreViewController.m in Sources */ = {isa = PBXBuildFile; fileRef = 0CD02CD216645CDA00A9EB9F /* HighScoreViewController.m */; };
		0CD02CD516645CDA00A9EB9F /* HighScoreViewController.xib in Resources */ = {isa = PBXBuildFile; fileRef = 0CD02CD316645CDA00A9EB9F /* HighScoreViewController.xib */; };
		0CD02CE81664711B00A9EB9F /* HowToViewController.m in Sources */ = {isa = PBXBuildFile; fileRef = 0CD02CE61664711B00A9EB9F /* HowToViewController.m */; };
		0CD02CE91664711B00A9EB9F /* HowToViewController.xib in Resources */ = {isa = PBXBuildFile; fileRef = 0CD02CE71664711B00A9EB9F /* HowToViewController.xib */; };
		0CD928F6170E5F23005D4780 /* Bomb.m in Sources */ = {isa = PBXBuildFile; fileRef = 0CD928ED170E5F23005D4780 /* Bomb.m */; };
		0CD928F7170E5F23005D4780 /* Boss.m in Sources */ = {isa = PBXBuildFile; fileRef = 0CD928EF170E5F23005D4780 /* Boss.m */; };
		0CD928F8170E5F23005D4780 /* FastBomber.m in Sources */ = {isa = PBXBuildFile; fileRef = 0CD928F1170E5F23005D4780 /* FastBomber.m */; };
		0CD928F9170E5F23005D4780 /* NormalEnemy.m in Sources */ = {isa = PBXBuildFile; fileRef = 0CD928F3170E5F23005D4780 /* NormalEnemy.m */; };
		0CD928FA170E5F23005D4780 /* Powerup.m in Sources */ = {isa = PBXBuildFile; fileRef = 0CD928F5170E5F23005D4780 /* Powerup.m */; };
		0CD928FD170E5F3B005D4780 /* SuicideBomber.m in Sources */ = {isa = PBXBuildFile; fileRef = 0CD928FC170E5F3B005D4780 /* SuicideBomber.m */; };
		0CD9293F170E72DB005D4780 /* bg_howtoview1.png in Resources */ = {isa = PBXBuildFile; fileRef = 0CD928FE170E72D9005D4780 /* bg_howtoview1.png */; };
		0CD92940170E72DB005D4780 /* bg_howtoview2.png in Resources */ = {isa = PBXBuildFile; fileRef = 0CD928FF170E72DA005D4780 /* bg_howtoview2.png */; };
		0CD92941170E72DB005D4780 /* bg_howtoview3.png in Resources */ = {isa = PBXBuildFile; fileRef = 0CD92900170E72DA005D4780 /* bg_howtoview3.png */; };
		0CD92942170E72DB005D4780 /* button_goforward.png in Resources */ = {isa = PBXBuildFile; fileRef = 0CD92901170E72DA005D4780 /* button_goforward.png */; };
		0CD92943170E72DB005D4780 /* buttonpressed_goforward.png in Resources */ = {isa = PBXBuildFile; fileRef = 0CD92902170E72DA005D4780 /* buttonpressed_goforward.png */; };
		0CD92968170E7373005D4780 /* HowToPage3ViewController.m in Sources */ = {isa = PBXBuildFile; fileRef = 0CD92964170E7373005D4780 /* HowToPage3ViewController.m */; };
		0CD92969170E7373005D4780 /* HowToPage4ViewController.m in Sources */ = {isa = PBXBuildFile; fileRef = 0CD92966170E7373005D4780 /* HowToPage4ViewController.m */; };
		0CD9296A170E7373005D4780 /* HowToPage4ViewController.xib in Resources */ = {isa = PBXBuildFile; fileRef = 0CD92967170E7373005D4780 /* HowToPage4ViewController.xib */; };
		0CD9296C170E73B8005D4780 /* HowToPage3ViewController.xib in Resources */ = {isa = PBXBuildFile; fileRef = 0CD9296B170E73B8005D4780 /* HowToPage3ViewController.xib */; };
		0CD929EF170E7D30005D4780 /* bombExplode1.png in Resources */ = {isa = PBXBuildFile; fileRef = 0CD92972170E7D2B005D4780 /* bombExplode1.png */; };
		0CD929F0170E7D30005D4780 /* bombExplode2.png in Resources */ = {isa = PBXBuildFile; fileRef = 0CD92973170E7D2C005D4780 /* bombExplode2.png */; };
		0CD929F1170E7D30005D4780 /* bombExplode3.png in Resources */ = {isa = PBXBuildFile; fileRef = 0CD92974170E7D2C005D4780 /* bombExplode3.png */; };
		0CD929F2170E7D30005D4780 /* bombExplode4.png in Resources */ = {isa = PBXBuildFile; fileRef = 0CD92975170E7D2C005D4780 /* bombExplode4.png */; };
		0CD929F3170E7D30005D4780 /* bombExplode5.png in Resources */ = {isa = PBXBuildFile; fileRef = 0CD92976170E7D2C005D4780 /* bombExplode5.png */; };
		0CD929F4170E7D30005D4780 /* bombExplode6.png in Resources */ = {isa = PBXBuildFile; fileRef = 0CD92977170E7D2C005D4780 /* bombExplode6.png */; };
		0CD929F5170E7D30005D4780 /* bombExplode7.png in Resources */ = {isa = PBXBuildFile; fileRef = 0CD92978170E7D2C005D4780 /* bombExplode7.png */; };
		0CD929F6170E7D30005D4780 /* bombExplode8.png in Resources */ = {isa = PBXBuildFile; fileRef = 0CD92979170E7D2C005D4780 /* bombExplode8.png */; };
		0CD929F7170E7D30005D4780 /* bombExplode9.png in Resources */ = {isa = PBXBuildFile; fileRef = 0CD9297A170E7D2C005D4780 /* bombExplode9.png */; };
		0CD929F8170E7D30005D4780 /* bombExplode10.png in Resources */ = {isa = PBXBuildFile; fileRef = 0CD9297B170E7D2C005D4780 /* bombExplode10.png */; };
		0CD929F9170E7D30005D4780 /* bombExplode11.png in Resources */ = {isa = PBXBuildFile; fileRef = 0CD9297C170E7D2C005D4780 /* bombExplode11.png */; };
		0CD929FA170E7D30005D4780 /* bombExplode12.png in Resources */ = {isa = PBXBuildFile; fileRef = 0CD9297D170E7D2C005D4780 /* bombExplode12.png */; };
		0CD929FB170E7D30005D4780 /* bombExplode13.png in Resources */ = {isa = PBXBuildFile; fileRef = 0CD9297E170E7D2D005D4780 /* bombExplode13.png */; };
		0CD929FC170E7D30005D4780 /* bombExplode14.png in Resources */ = {isa = PBXBuildFile; fileRef = 0CD9297F170E7D2D005D4780 /* bombExplode14.png */; };
		0CD929FD170E7D30005D4780 /* bombExplode15.png in Resources */ = {isa = PBXBuildFile; fileRef = 0CD92980170E7D2D005D4780 /* bombExplode15.png */; };
		0CD929FE170E7D30005D4780 /* teleport1.png in Resources */ = {isa = PBXBuildFile; fileRef = 0CD92981170E7D2D005D4780 /* teleport1.png */; };
		0CD929FF170E7D30005D4780 /* teleport2.png in Resources */ = {isa = PBXBuildFile; fileRef = 0CD92982170E7D2D005D4780 /* teleport2.png */; };
		0CD92A00170E7D30005D4780 /* teleport3.png in Resources */ = {isa = PBXBuildFile; fileRef = 0CD92983170E7D2D005D4780 /* teleport3.png */; };
		0CD92A01170E7D30005D4780 /* teleport4.png in Resources */ = {isa = PBXBuildFile; fileRef = 0CD92984170E7D2D005D4780 /* teleport4.png */; };
		0CD92A02170E7D30005D4780 /* teleport5.png in Resources */ = {isa = PBXBuildFile; fileRef = 0CD92985170E7D2D005D4780 /* teleport5.png */; };
		0CD92A03170E7D30005D4780 /* teleport6.png in Resources */ = {isa = PBXBuildFile; fileRef = 0CD92986170E7D2D005D4780 /* teleport6.png */; };
		0CD92A04170E7D30005D4780 /* teleport7.png in Resources */ = {isa = PBXBuildFile; fileRef = 0CD92987170E7D2D005D4780 /* teleport7.png */; };
		0CD92A05170E7D30005D4780 /* teleport8.png in Resources */ = {isa = PBXBuildFile; fileRef = 0CD92988170E7D2D005D4780 /* teleport8.png */; };
		0CD92A06170E7D30005D4780 /* bomb1.png in Resources */ = {isa = PBXBuildFile; fileRef = 0CD92989170E7D2D005D4780 /* bomb1.png */; };
		0CD92A07170E7D30005D4780 /* bomb2.png in Resources */ = {isa = PBXBuildFile; fileRef = 0CD9298A170E7D2D005D4780 /* bomb2.png */; };
		0CD92A08170E7D30005D4780 /* bomb3.png in Resources */ = {isa = PBXBuildFile; fileRef = 0CD9298B170E7D2E005D4780 /* bomb3.png */; };
		0CD92A09170E7D30005D4780 /* bomb4.png in Resources */ = {isa = PBXBuildFile; fileRef = 0CD9298C170E7D2E005D4780 /* bomb4.png */; };
		0CD92A0A170E7D30005D4780 /* enemy_suicidepanda1.png in Resources */ = {isa = PBXBuildFile; fileRef = 0CD9298D170E7D2E005D4780 /* enemy_suicidepanda1.png */; };
		0CD92A0B170E7D30005D4780 /* gun1.png in Resources */ = {isa = PBXBuildFile; fileRef = 0CD9298E170E7D2E005D4780 /* gun1.png */; };
		0CD92A0C170E7D30005D4780 /* gun2.png in Resources */ = {isa = PBXBuildFile; fileRef = 0CD9298F170E7D2E005D4780 /* gun2.png */; };
		0CD92A0D170E7D30005D4780 /* gun3.png in Resources */ = {isa = PBXBuildFile; fileRef = 0CD92990170E7D2E005D4780 /* gun3.png */; };
		0CD92A0E170E7D30005D4780 /* gun4.png in Resources */ = {isa = PBXBuildFile; fileRef = 0CD92991170E7D2E005D4780 /* gun4.png */; };
		0CD92A0F170E7D30005D4780 /* gun5.png in Resources */ = {isa = PBXBuildFile; fileRef = 0CD92992170E7D2E005D4780 /* gun5.png */; };
		0CD92A10170E7D30005D4780 /* gun6.png in Resources */ = {isa = PBXBuildFile; fileRef = 0CD92993170E7D2E005D4780 /* gun6.png */; };
		0CD92A11170E7D30005D4780 /* gun7.png in Resources */ = {isa = PBXBuildFile; fileRef = 0CD92994170E7D2E005D4780 /* gun7.png */; };
		0CD92A12170E7D30005D4780 /* gun8.png in Resources */ = {isa = PBXBuildFile; fileRef = 0CD92995170E7D2E005D4780 /* gun8.png */; };
		0CD92A13170E7D30005D4780 /* gun9.png in Resources */ = {isa = PBXBuildFile; fileRef = 0CD92996170E7D2E005D4780 /* gun9.png */; };
		0CD92A14170E7D30005D4780 /* gun10.png in Resources */ = {isa = PBXBuildFile; fileRef = 0CD92997170E7D2F005D4780 /* gun10.png */; };
		0CD92A15170E7D30005D4780 /* gun11.png in Resources */ = {isa = PBXBuildFile; fileRef = 0CD92998170E7D2F005D4780 /* gun11.png */; };
		0CD92A16170E7D30005D4780 /* gun12.png in Resources */ = {isa = PBXBuildFile; fileRef = 0CD92999170E7D2F005D4780 /* gun12.png */; };
		0CD92A17170E7D30005D4780 /* gun13.png in Resources */ = {isa = PBXBuildFile; fileRef = 0CD9299A170E7D2F005D4780 /* gun13.png */; };
		0CD92A18170E7D30005D4780 /* gun14.png in Resources */ = {isa = PBXBuildFile; fileRef = 0CD9299B170E7D2F005D4780 /* gun14.png */; };
		0CD92A42170E7D30005D4780 /* ship1.png in Resources */ = {isa = PBXBuildFile; fileRef = 0CD929E4170E7D30005D4780 /* ship1.png */; };
		0CD92A43170E7D30005D4780 /* ship2.png in Resources */ = {isa = PBXBuildFile; fileRef = 0CD929E5170E7D30005D4780 /* ship2.png */; };
		0CD92A44170E7D30005D4780 /* ship3.png in Resources */ = {isa = PBXBuildFile; fileRef = 0CD929E6170E7D30005D4780 /* ship3.png */; };
		0CD92A45170E7D30005D4780 /* ship4.png in Resources */ = {isa = PBXBuildFile; fileRef = 0CD929E7170E7D30005D4780 /* ship4.png */; };
		0CD92A46170E7D30005D4780 /* ship5.png in Resources */ = {isa = PBXBuildFile; fileRef = 0CD929E8170E7D30005D4780 /* ship5.png */; };
		0CD92A47170E7D30005D4780 /* ship6.png in Resources */ = {isa = PBXBuildFile; fileRef = 0CD929E9170E7D30005D4780 /* ship6.png */; };
		0CD92A48170E7D30005D4780 /* ship7.png in Resources */ = {isa = PBXBuildFile; fileRef = 0CD929EA170E7D30005D4780 /* ship7.png */; };
		0CD92A49170E7D30005D4780 /* ship8.png in Resources */ = {isa = PBXBuildFile; fileRef = 0CD929EB170E7D30005D4780 /* ship8.png */; };
		0CD92A4A170E7D30005D4780 /* ship9.png in Resources */ = {isa = PBXBuildFile; fileRef = 0CD929EC170E7D30005D4780 /* ship9.png */; };
		0CD92A4B170E7D30005D4780 /* ship10.png in Resources */ = {isa = PBXBuildFile; fileRef = 0CD929ED170E7D30005D4780 /* ship10.png */; };
		0CD92A4C170E7D30005D4780 /* ship12.png in Resources */ = {isa = PBXBuildFile; fileRef = 0CD929EE170E7D30005D4780 /* ship12.png */; };
		0CD92A65170E7DAB005D4780 /* appIcon.png in Resources */ = {isa = PBXBuildFile; fileRef = 0CD92A4E170E7DAB005D4780 /* appIcon.png */; };
		0CD92A66170E7DAB005D4780 /* bearHit.mp3 in Resources */ = {isa = PBXBuildFile; fileRef = 0CD92A4F170E7DAB005D4780 /* bearHit.mp3 */; };
		0CD92A67170E7DAB005D4780 /* bearHit2.mp3 in Resources */ = {isa = PBXBuildFile; fileRef = 0CD92A50170E7DAB005D4780 /* bearHit2.mp3 */; };
		0CD92A68170E7DAB005D4780 /* bombDrop.wav in Resources */ = {isa = PBXBuildFile; fileRef = 0CD92A51170E7DAB005D4780 /* bombDrop.wav */; };
		0CD92A69170E7DAB005D4780 /* bombground.mp3 in Resources */ = {isa = PBXBuildFile; fileRef = 0CD92A52170E7DAB005D4780 /* bombground.mp3 */; };
		0CD92A6A170E7DAB005D4780 /* bombSound.wav in Resources */ = {isa = PBXBuildFile; fileRef = 0CD92A53170E7DAB005D4780 /* bombSound.wav */; };
		0CD92A6B170E7DAB005D4780 /* crash.wav in Resources */ = {isa = PBXBuildFile; fileRef = 0CD92A54170E7DAB005D4780 /* crash.wav */; };
		0CD92A6E170E7DAB005D4780 /* gamebgm.mp3 in Resources */ = {isa = PBXBuildFile; fileRef = 0CD92A57170E7DAB005D4780 /* gamebgm.mp3 */; };
		0CD92A6F170E7DAB005D4780 /* gameover.mp3 in Resources */ = {isa = PBXBuildFile; fileRef = 0CD92A58170E7DAB005D4780 /* gameover.mp3 */; };
		0CD92A74170E7DAB005D4780 /* Menu.mp3 in Resources */ = {isa = PBXBuildFile; fileRef = 0CD92A5D170E7DAB005D4780 /* Menu.mp3 */; };
		0CD92A76170E7DAB005D4780 /* PlayerHit.mp3 in Resources */ = {isa = PBXBuildFile; fileRef = 0CD92A5F170E7DAB005D4780 /* PlayerHit.mp3 */; };
		0CD92A78170E7DAB005D4780 /* playershoot1.mp3 in Resources */ = {isa = PBXBuildFile; fileRef = 0CD92A61170E7DAB005D4780 /* playershoot1.mp3 */; };
		0CD92A79170E7DAB005D4780 /* shipDestroySound.wav in Resources */ = {isa = PBXBuildFile; fileRef = 0CD92A62170E7DAB005D4780 /* shipDestroySound.wav */; };
		0CD92A7A170E7DAB005D4780 /* Teleport.mp3 in Resources */ = {isa = PBXBuildFile; fileRef = 0CD92A63170E7DAB005D4780 /* Teleport.mp3 */; };
		0CD92A7B170E7DAB005D4780 /* Teleport2.mp3 in Resources */ = {isa = PBXBuildFile; fileRef = 0CD92A64170E7DAB005D4780 /* Teleport2.mp3 */; };
		0CD92A7F170E8189005D4780 /* shield.png in Resources */ = {isa = PBXBuildFile; fileRef = 0CD92A7E170E8189005D4780 /* shield.png */; };
		0CD92A85170EA43E005D4780 /* weapon_boss1.png in Resources */ = {isa = PBXBuildFile; fileRef = 0CD92A84170EA43E005D4780 /* weapon_boss1.png */; };
		0CD92A89170EA5CA005D4780 /* medal.png in Resources */ = {isa = PBXBuildFile; fileRef = 0CD92A88170EA5CA005D4780 /* medal.png */; };
		787B3295170E4AE40008EC2A /* healthbar.png in Resources */ = {isa = PBXBuildFile; fileRef = 787B3293170E4AE40008EC2A /* healthbar.png */; };
		787B3296170E4AE40008EC2A /* powerup_health.png in Resources */ = {isa = PBXBuildFile; fileRef = 787B3294170E4AE40008EC2A /* powerup_health.png */; };
		787B3298170E4C600008EC2A /* tapscreen.png in Resources */ = {isa = PBXBuildFile; fileRef = 787B3297170E4C600008EC2A /* tapscreen.png */; };
		787B329C170E53710008EC2A /* HowToPage2ViewController.m in Sources */ = {isa = PBXBuildFile; fileRef = 787B329A170E53710008EC2A /* HowToPage2ViewController.m */; };
		787B329D170E53710008EC2A /* HowToPage2ViewController.xib in Resources */ = {isa = PBXBuildFile; fileRef = 787B329B170E53710008EC2A /* HowToPage2ViewController.xib */; };
		78E32EA9170D243A00E56BEE /* Default-568h@2x.png in Resources */ = {isa = PBXBuildFile; fileRef = 78E32EA8170D243A00E56BEE /* Default-568h@2x.png */; };
		78E32EBF170D8E7300E56BEE /* bg_mainmenuview.png in Resources */ = {isa = PBXBuildFile; fileRef = 78E32EBA170D8E7300E56BEE /* bg_mainmenuview.png */; };
		78E32EC0170D8E7300E56BEE /* bg_endgameview.png in Resources */ = {isa = PBXBuildFile; fileRef = 78E32EBB170D8E7300E56BEE /* bg_endgameview.png */; };
		78E32EC3170D8E7300E56BEE /* bg_gameview.png in Resources */ = {isa = PBXBuildFile; fileRef = 78E32EBE170D8E7300E56BEE /* bg_gameview.png */; };
		78E32ECA170D8EF600E56BEE /* button_endgameview.png in Resources */ = {isa = PBXBuildFile; fileRef = 78E32EC4170D8EF500E56BEE /* button_endgameview.png */; };
		78E32ECB170D8EF600E56BEE /* button_goback.png in Resources */ = {isa = PBXBuildFile; fileRef = 78E32EC5170D8EF500E56BEE /* button_goback.png */; };
		78E32ECC170D8EF600E56BEE /* button_howto.png in Resources */ = {isa = PBXBuildFile; fileRef = 78E32EC6170D8EF600E56BEE /* button_howto.png */; };
		78E32ECD170D8EF600E56BEE /* button_score.png in Resources */ = {isa = PBXBuildFile; fileRef = 78E32EC7170D8EF600E56BEE /* button_score.png */; };
		78E32ECE170D8EF600E56BEE /* button_play.png in Resources */ = {isa = PBXBuildFile; fileRef = 78E32EC8170D8EF600E56BEE /* button_play.png */; };
		78E32ECF170D8EF600E56BEE /* button_specialammo.png in Resources */ = {isa = PBXBuildFile; fileRef = 78E32EC9170D8EF600E56BEE /* button_specialammo.png */; };
		78E32ED5170D8F4F00E56BEE /* buttonpressed_endgameview.png in Resources */ = {isa = PBXBuildFile; fileRef = 78E32ED0170D8F4E00E56BEE /* buttonpressed_endgameview.png */; };
		78E32ED6170D8F4F00E56BEE /* buttonpressed_goback.png in Resources */ = {isa = PBXBuildFile; fileRef = 78E32ED1170D8F4E00E56BEE /* buttonpressed_goback.png */; };
		78E32ED7170D8F4F00E56BEE /* buttonpressed_howto.png in Resources */ = {isa = PBXBuildFile; fileRef = 78E32ED2170D8F4F00E56BEE /* buttonpressed_howto.png */; };
		78E32ED8170D8F4F00E56BEE /* buttonpressed_score.png in Resources */ = {isa = PBXBuildFile; fileRef = 78E32ED3170D8F4F00E56BEE /* buttonpressed_score.png */; };
		78E32ED9170D8F4F00E56BEE /* buttonpressed_play.png in Resources */ = {isa = PBXBuildFile; fileRef = 78E32ED4170D8F4F00E56BEE /* buttonpressed_play.png */; };
		78E32EDD170D8F8400E56BEE /* enemy_boss1_carebear.png in Resources */ = {isa = PBXBuildFile; fileRef = 78E32EDA170D8F8400E56BEE /* enemy_boss1_carebear.png */; };
		78E32EDE170D8F8400E56BEE /* enemy_boss3_giantpanda.png in Resources */ = {isa = PBXBuildFile; fileRef = 78E32EDB170D8F8400E56BEE /* enemy_boss3_giantpanda.png */; };
		78E32EDF170D8F8400E56BEE /* enemy_boss2_cybear.png in Resources */ = {isa = PBXBuildFile; fileRef = 78E32EDC170D8F8400E56BEE /* enemy_boss2_cybear.png */; };
		78E32EE4170D901D00E56BEE /* enemy_teddybear.png in Resources */ = {isa = PBXBuildFile; fileRef = 78E32EE0170D901D00E56BEE /* enemy_teddybear.png */; };
		78E32EE5170D901D00E56BEE /* enemy_polarbear.png in Resources */ = {isa = PBXBuildFile; fileRef = 78E32EE1170D901D00E56BEE /* enemy_polarbear.png */; };
		78E32EE6170D901D00E56BEE /* enemy_suicidepanda.png in Resources */ = {isa = PBXBuildFile; fileRef = 78E32EE2170D901D00E56BEE /* enemy_suicidepanda.png */; };
		78E32EE7170D901D00E56BEE /* enemy_hybridbear.png in Resources */ = {isa = PBXBuildFile; fileRef = 78E32EE3170D901D00E56BEE /* enemy_hybridbear.png */; };
		78E32EE9170D902F00E56BEE /* player_koala.png in Resources */ = {isa = PBXBuildFile; fileRef = 78E32EE8170D902F00E56BEE /* player_koala.png */; };
		78E32EEC170D90C000E56BEE /* powerup_shield.png in Resources */ = {isa = PBXBuildFile; fileRef = 78E32EEA170D90BF00E56BEE /* powerup_shield.png */; };
		78E32EED170D90C000E56BEE /* powerup_weapon.png in Resources */ = {isa = PBXBuildFile; fileRef = 78E32EEB170D90BF00E56BEE /* powerup_weapon.png */; };
		78E32EF5170D90EA00E56BEE /* weapon_boss2.png in Resources */ = {isa = PBXBuildFile; fileRef = 78E32EEF170D90EA00E56BEE /* weapon_boss2.png */; };
		78E32EF6170D90EA00E56BEE /* weapon_enemybomb.png in Resources */ = {isa = PBXBuildFile; fileRef = 78E32EF0170D90EA00E56BEE /* weapon_enemybomb.png */; };
		78E32EF7170D90EA00E56BEE /* weapon_playerammo1.png in Resources */ = {isa = PBXBuildFile; fileRef = 78E32EF1170D90EA00E56BEE /* weapon_playerammo1.png */; };
		78E32EF8170D90EA00E56BEE /* weapon_playerammo2.png in Resources */ = {isa = PBXBuildFile; fileRef = 78E32EF2170D90EA00E56BEE /* weapon_playerammo2.png */; };
		78E32EF9170D90EA00E56BEE /* weapon_playerammo3.png in Resources */ = {isa = PBXBuildFile; fileRef = 78E32EF3170D90EA00E56BEE /* weapon_playerammo3.png */; };
		78E32EFB170D924E00E56BEE /* bg_highscoreview.png in Resources */ = {isa = PBXBuildFile; fileRef = 78E32EFA170D924E00E56BEE /* bg_highscoreview.png */; };
		78E32EFF170D9A6C00E56BEE /* HowToPage1ViewController.m in Sources */ = {isa = PBXBuildFile; fileRef = 78E32EFD170D9A6C00E56BEE /* HowToPage1ViewController.m */; };
		78E32F00170D9A6C00E56BEE /* HowToPage1ViewController.xib in Resources */ = {isa = PBXBuildFile; fileRef = 78E32EFE170D9A6C00E56BEE /* HowToPage1ViewController.xib */; };
		78E32F07170DA34F00E56BEE /* lefttilt.png in Resources */ = {isa = PBXBuildFile; fileRef = 78E32F05170DA34F00E56BEE /* lefttilt.png */; };
		78E32F08170DA34F00E56BEE /* righttilt.png in Resources */ = {isa = PBXBuildFile; fileRef = 78E32F06170DA34F00E56BEE /* righttilt.png */; };
		78E5179D170D05620033FB60 /* button_home.png in Resources */ = {isa = PBXBuildFile; fileRef = 78E51796170D05610033FB60 /* button_home.png */; };
		78E517AA170D05AC0033FB60 /* buttonpressed_home.png in Resources */ = {isa = PBXBuildFile; fileRef = 78E517A4170D05AB0033FB60 /* buttonpressed_home.png */; };
		78ED7BC6170BBAC400093A5B /* appIconRetina.png in Resources */ = {isa = PBXBuildFile; fileRef = 78ED7BC4170BBAC400093A5B /* appIconRetina.png */; };
/* End PBXBuildFile section */

/* Begin PBXFileReference section */
		0C010E651662F9840063670B /* CDAudioManager.h */ = {isa = PBXFileReference; fileEncoding = 4; lastKnownFileType = sourcecode.c.h; path = CDAudioManager.h; sourceTree = "<group>"; };
		0C010E661662F9840063670B /* CDAudioManager.m */ = {isa = PBXFileReference; fileEncoding = 4; lastKnownFileType = sourcecode.c.objc; path = CDAudioManager.m; sourceTree = "<group>"; };
		0C010E671662F9840063670B /* CDConfig.h */ = {isa = PBXFileReference; fileEncoding = 4; lastKnownFileType = sourcecode.c.h; path = CDConfig.h; sourceTree = "<group>"; };
		0C010E681662F9840063670B /* CDOpenALSupport.h */ = {isa = PBXFileReference; fileEncoding = 4; lastKnownFileType = sourcecode.c.h; path = CDOpenALSupport.h; sourceTree = "<group>"; };
		0C010E691662F9840063670B /* CDOpenALSupport.m */ = {isa = PBXFileReference; fileEncoding = 4; lastKnownFileType = sourcecode.c.objc; path = CDOpenALSupport.m; sourceTree = "<group>"; };
		0C010E6A1662F9840063670B /* CocosDenshion.h */ = {isa = PBXFileReference; fileEncoding = 4; lastKnownFileType = sourcecode.c.h; path = CocosDenshion.h; sourceTree = "<group>"; };
		0C010E6B1662F9840063670B /* CocosDenshion.m */ = {isa = PBXFileReference; fileEncoding = 4; lastKnownFileType = sourcecode.c.objc; path = CocosDenshion.m; sourceTree = "<group>"; };
		0C010E6C1662F9840063670B /* SimpleAudioEngine.h */ = {isa = PBXFileReference; fileEncoding = 4; lastKnownFileType = sourcecode.c.h; path = SimpleAudioEngine.h; sourceTree = "<group>"; };
		0C010E6D1662F9840063670B /* SimpleAudioEngine.m */ = {isa = PBXFileReference; fileEncoding = 4; lastKnownFileType = sourcecode.c.objc; path = SimpleAudioEngine.m; sourceTree = "<group>"; };
		0C010F271662FB420063670B /* AudioToolbox.framework */ = {isa = PBXFileReference; lastKnownFileType = wrapper.framework; name = AudioToolbox.framework; path = System/Library/Frameworks/AudioToolbox.framework; sourceTree = SDKROOT; };
		0C010F291662FB480063670B /* OpenAL.framework */ = {isa = PBXFileReference; lastKnownFileType = wrapper.framework; name = OpenAL.framework; path = System/Library/Frameworks/OpenAL.framework; sourceTree = SDKROOT; };
		0C010F2B1662FB500063670B /* AVFoundation.framework */ = {isa = PBXFileReference; lastKnownFileType = wrapper.framework; name = AVFoundation.framework; path = System/Library/Frameworks/AVFoundation.framework; sourceTree = SDKROOT; };
		0C010F2F166308CC0063670B /* SoundLayer.h */ = {isa = PBXFileReference; fileEncoding = 4; lastKnownFileType = sourcecode.c.h; path = SoundLayer.h; sourceTree = "<group>"; };
		0C010F30166308CC0063670B /* SoundLayer.m */ = {isa = PBXFileReference; fileEncoding = 4; lastKnownFileType = sourcecode.c.objc; path = SoundLayer.m; sourceTree = "<group>"; };
		0C010F4F166321DC0063670B /* MainMenuViewController.h */ = {isa = PBXFileReference; fileEncoding = 4; lastKnownFileType = sourcecode.c.h; path = MainMenuViewController.h; sourceTree = "<group>"; };
		0C010F50166321DC0063670B /* MainMenuViewController.m */ = {isa = PBXFileReference; fileEncoding = 4; lastKnownFileType = sourcecode.c.objc; path = MainMenuViewController.m; sourceTree = "<group>"; };
		0C010F51166321DC0063670B /* MainMenuViewController.xib */ = {isa = PBXFileReference; fileEncoding = 4; lastKnownFileType = file.xib; path = MainMenuViewController.xib; sourceTree = "<group>"; };
		0C01EA78165F1B7E00ED872E /* Bomber.h */ = {isa = PBXFileReference; fileEncoding = 4; lastKnownFileType = sourcecode.c.h; path = Bomber.h; sourceTree = "<group>"; };
		0C01EA79165F1B7E00ED872E /* Bomber.m */ = {isa = PBXFileReference; fileEncoding = 4; lastKnownFileType = sourcecode.c.objc; path = Bomber.m; sourceTree = "<group>"; };
		0C21FDBC164CA2F2006152B9 /* AlienInvasion.app */ = {isa = PBXFileReference; explicitFileType = wrapper.application; includeInIndex = 0; path = AlienInvasion.app; sourceTree = BUILT_PRODUCTS_DIR; };
		0C21FDC0164CA2F2006152B9 /* UIKit.framework */ = {isa = PBXFileReference; lastKnownFileType = wrapper.framework; name = UIKit.framework; path = System/Library/Frameworks/UIKit.framework; sourceTree = SDKROOT; };
		0C21FDC2164CA2F2006152B9 /* Foundation.framework */ = {isa = PBXFileReference; lastKnownFileType = wrapper.framework; name = Foundation.framework; path = System/Library/Frameworks/Foundation.framework; sourceTree = SDKROOT; };
		0C21FDC4164CA2F2006152B9 /* CoreGraphics.framework */ = {isa = PBXFileReference; lastKnownFileType = wrapper.framework; name = CoreGraphics.framework; path = System/Library/Frameworks/CoreGraphics.framework; sourceTree = SDKROOT; };
		0C21FDC8164CA2F2006152B9 /* AlienInvasion-Info.plist */ = {isa = PBXFileReference; lastKnownFileType = text.plist.xml; path = "AlienInvasion-Info.plist"; sourceTree = "<group>"; };
		0C21FDCA164CA2F2006152B9 /* en */ = {isa = PBXFileReference; lastKnownFileType = text.plist.strings; name = en; path = en.lproj/InfoPlist.strings; sourceTree = "<group>"; };
		0C21FDCC164CA2F2006152B9 /* main.m */ = {isa = PBXFileReference; lastKnownFileType = sourcecode.c.objc; path = main.m; sourceTree = "<group>"; };
		0C21FDCE164CA2F2006152B9 /* AlienInvasion-Prefix.pch */ = {isa = PBXFileReference; lastKnownFileType = sourcecode.c.h; path = "AlienInvasion-Prefix.pch"; sourceTree = "<group>"; };
		0C21FDCF164CA2F2006152B9 /* ExerAppDelegate.h */ = {isa = PBXFileReference; lastKnownFileType = sourcecode.c.h; name = ExerAppDelegate.h; path = OpenGLTestProgram/ExerAppDelegate.h; sourceTree = "<group>"; };
		0C21FDD0164CA2F2006152B9 /* ExerAppDelegate.m */ = {isa = PBXFileReference; lastKnownFileType = sourcecode.c.objc; name = ExerAppDelegate.m; path = OpenGLTestProgram/ExerAppDelegate.m; sourceTree = "<group>"; };
		0C21FDD7164CA338006152B9 /* GLKit.framework */ = {isa = PBXFileReference; lastKnownFileType = wrapper.framework; name = GLKit.framework; path = System/Library/Frameworks/GLKit.framework; sourceTree = SDKROOT; };
		0C21FDD8164CA338006152B9 /* OpenGLES.framework */ = {isa = PBXFileReference; lastKnownFileType = wrapper.framework; name = OpenGLES.framework; path = System/Library/Frameworks/OpenGLES.framework; sourceTree = SDKROOT; };
		0C21FDDB164CA33E006152B9 /* QuartzCore.framework */ = {isa = PBXFileReference; lastKnownFileType = wrapper.framework; name = QuartzCore.framework; path = System/Library/Frameworks/QuartzCore.framework; sourceTree = SDKROOT; };
		0C21FDE6164CA99F006152B9 /* SGGViewController.h */ = {isa = PBXFileReference; fileEncoding = 4; lastKnownFileType = sourcecode.c.h; name = SGGViewController.h; path = ../SGGViewController.h; sourceTree = "<group>"; };
		0C21FDE7164CA99F006152B9 /* SGGViewController.m */ = {isa = PBXFileReference; fileEncoding = 4; lastKnownFileType = sourcecode.c.objc; name = SGGViewController.m; path = ../SGGViewController.m; sourceTree = "<group>"; };
		0C21FDF8164CAC27006152B9 /* ProtoSprite.h */ = {isa = PBXFileReference; fileEncoding = 4; lastKnownFileType = sourcecode.c.h; path = ProtoSprite.h; sourceTree = "<group>"; };
		0C21FDF9164CAC27006152B9 /* ProtoSprite.m */ = {isa = PBXFileReference; fileEncoding = 4; lastKnownFileType = sourcecode.c.objc; path = ProtoSprite.m; sourceTree = "<group>"; };
		0C76C5561663447500C548BC /* GameViewController.xib */ = {isa = PBXFileReference; fileEncoding = 4; lastKnownFileType = file.xib; path = GameViewController.xib; sourceTree = "<group>"; };
		0C76C5581663517E00C548BC /* EndGameViewController.h */ = {isa = PBXFileReference; fileEncoding = 4; lastKnownFileType = sourcecode.c.h; path = EndGameViewController.h; sourceTree = "<group>"; };
		0C76C5591663517E00C548BC /* EndGameViewController.m */ = {isa = PBXFileReference; fileEncoding = 4; lastKnownFileType = sourcecode.c.objc; path = EndGameViewController.m; sourceTree = "<group>"; };
		0C76C55A1663517E00C548BC /* EndGameViewController.xib */ = {isa = PBXFileReference; fileEncoding = 4; lastKnownFileType = file.xib; path = EndGameViewController.xib; sourceTree = "<group>"; };
		0CD02CD116645CDA00A9EB9F /* HighScoreViewController.h */ = {isa = PBXFileReference; fileEncoding = 4; lastKnownFileType = sourcecode.c.h; path = HighScoreViewController.h; sourceTree = "<group>"; };
		0CD02CD216645CDA00A9EB9F /* HighScoreViewController.m */ = {isa = PBXFileReference; fileEncoding = 4; lastKnownFileType = sourcecode.c.objc; path = HighScoreViewController.m; sourceTree = "<group>"; };
		0CD02CD316645CDA00A9EB9F /* HighScoreViewController.xib */ = {isa = PBXFileReference; fileEncoding = 4; lastKnownFileType = file.xib; path = HighScoreViewController.xib; sourceTree = "<group>"; };
		0CD02CE51664711B00A9EB9F /* HowToViewController.h */ = {isa = PBXFileReference; fileEncoding = 4; lastKnownFileType = sourcecode.c.h; path = HowToViewController.h; sourceTree = "<group>"; };
		0CD02CE61664711B00A9EB9F /* HowToViewController.m */ = {isa = PBXFileReference; fileEncoding = 4; lastKnownFileType = sourcecode.c.objc; path = HowToViewController.m; sourceTree = "<group>"; };
		0CD02CE71664711B00A9EB9F /* HowToViewController.xib */ = {isa = PBXFileReference; fileEncoding = 4; lastKnownFileType = file.xib; path = HowToViewController.xib; sourceTree = "<group>"; };
		0CD928EC170E5F23005D4780 /* Bomb.h */ = {isa = PBXFileReference; fileEncoding = 4; lastKnownFileType = sourcecode.c.h; path = Bomb.h; sourceTree = "<group>"; };
		0CD928ED170E5F23005D4780 /* Bomb.m */ = {isa = PBXFileReference; fileEncoding = 4; lastKnownFileType = sourcecode.c.objc; path = Bomb.m; sourceTree = "<group>"; };
		0CD928EE170E5F23005D4780 /* Boss.h */ = {isa = PBXFileReference; fileEncoding = 4; lastKnownFileType = sourcecode.c.h; path = Boss.h; sourceTree = "<group>"; };
		0CD928EF170E5F23005D4780 /* Boss.m */ = {isa = PBXFileReference; fileEncoding = 4; lastKnownFileType = sourcecode.c.objc; path = Boss.m; sourceTree = "<group>"; };
		0CD928F0170E5F23005D4780 /* FastBomber.h */ = {isa = PBXFileReference; fileEncoding = 4; lastKnownFileType = sourcecode.c.h; path = FastBomber.h; sourceTree = "<group>"; };
		0CD928F1170E5F23005D4780 /* FastBomber.m */ = {isa = PBXFileReference; fileEncoding = 4; lastKnownFileType = sourcecode.c.objc; path = FastBomber.m; sourceTree = "<group>"; };
		0CD928F2170E5F23005D4780 /* NormalEnemy.h */ = {isa = PBXFileReference; fileEncoding = 4; lastKnownFileType = sourcecode.c.h; path = NormalEnemy.h; sourceTree = "<group>"; };
		0CD928F3170E5F23005D4780 /* NormalEnemy.m */ = {isa = PBXFileReference; fileEncoding = 4; lastKnownFileType = sourcecode.c.objc; path = NormalEnemy.m; sourceTree = "<group>"; };
		0CD928F4170E5F23005D4780 /* Powerup.h */ = {isa = PBXFileReference; fileEncoding = 4; lastKnownFileType = sourcecode.c.h; path = Powerup.h; sourceTree = "<group>"; };
		0CD928F5170E5F23005D4780 /* Powerup.m */ = {isa = PBXFileReference; fileEncoding = 4; lastKnownFileType = sourcecode.c.objc; path = Powerup.m; sourceTree = "<group>"; };
		0CD928FB170E5F3A005D4780 /* SuicideBomber.h */ = {isa = PBXFileReference; fileEncoding = 4; lastKnownFileType = sourcecode.c.h; path = SuicideBomber.h; sourceTree = "<group>"; };
		0CD928FC170E5F3B005D4780 /* SuicideBomber.m */ = {isa = PBXFileReference; fileEncoding = 4; lastKnownFileType = sourcecode.c.objc; path = SuicideBomber.m; sourceTree = "<group>"; };
		0CD928FE170E72D9005D4780 /* bg_howtoview1.png */ = {isa = PBXFileReference; lastKnownFileType = image.png; path = bg_howtoview1.png; sourceTree = "<group>"; };
		0CD928FF170E72DA005D4780 /* bg_howtoview2.png */ = {isa = PBXFileReference; lastKnownFileType = image.png; path = bg_howtoview2.png; sourceTree = "<group>"; };
		0CD92900170E72DA005D4780 /* bg_howtoview3.png */ = {isa = PBXFileReference; lastKnownFileType = image.png; path = bg_howtoview3.png; sourceTree = "<group>"; };
		0CD92901170E72DA005D4780 /* button_goforward.png */ = {isa = PBXFileReference; lastKnownFileType = image.png; path = button_goforward.png; sourceTree = "<group>"; };
		0CD92902170E72DA005D4780 /* buttonpressed_goforward.png */ = {isa = PBXFileReference; lastKnownFileType = image.png; path = buttonpressed_goforward.png; sourceTree = "<group>"; };
		0CD92963170E7373005D4780 /* HowToPage3ViewController.h */ = {isa = PBXFileReference; fileEncoding = 4; lastKnownFileType = sourcecode.c.h; path = HowToPage3ViewController.h; sourceTree = "<group>"; };
		0CD92964170E7373005D4780 /* HowToPage3ViewController.m */ = {isa = PBXFileReference; fileEncoding = 4; lastKnownFileType = sourcecode.c.objc; path = HowToPage3ViewController.m; sourceTree = "<group>"; };
		0CD92965170E7373005D4780 /* HowToPage4ViewController.h */ = {isa = PBXFileReference; fileEncoding = 4; lastKnownFileType = sourcecode.c.h; path = HowToPage4ViewController.h; sourceTree = "<group>"; };
		0CD92966170E7373005D4780 /* HowToPage4ViewController.m */ = {isa = PBXFileReference; fileEncoding = 4; lastKnownFileType = sourcecode.c.objc; path = HowToPage4ViewController.m; sourceTree = "<group>"; };
		0CD92967170E7373005D4780 /* HowToPage4ViewController.xib */ = {isa = PBXFileReference; fileEncoding = 4; lastKnownFileType = file.xib; path = HowToPage4ViewController.xib; sourceTree = "<group>"; };
		0CD9296B170E73B8005D4780 /* HowToPage3ViewController.xib */ = {isa = PBXFileReference; fileEncoding = 4; lastKnownFileType = file.xib; path = HowToPage3ViewController.xib; sourceTree = "<group>"; };
		0CD9296D170E752E005D4780 /* enemy_suicidepanda1.png */ = {isa = PBXFileReference; lastKnownFileType = image.png; name = enemy_suicidepanda1.png; path = OpenGLTestProgram/enemy_suicidepanda1.png; sourceTree = "<group>"; };
		0CD92972170E7D2B005D4780 /* bombExplode1.png */ = {isa = PBXFileReference; lastKnownFileType = image.png; path = bombExplode1.png; sourceTree = "<group>"; };
		0CD92973170E7D2C005D4780 /* bombExplode2.png */ = {isa = PBXFileReference; lastKnownFileType = image.png; path = bombExplode2.png; sourceTree = "<group>"; };
		0CD92974170E7D2C005D4780 /* bombExplode3.png */ = {isa = PBXFileReference; lastKnownFileType = image.png; path = bombExplode3.png; sourceTree = "<group>"; };
		0CD92975170E7D2C005D4780 /* bombExplode4.png */ = {isa = PBXFileReference; lastKnownFileType = image.png; path = bombExplode4.png; sourceTree = "<group>"; };
		0CD92976170E7D2C005D4780 /* bombExplode5.png */ = {isa = PBXFileReference; lastKnownFileType = image.png; path = bombExplode5.png; sourceTree = "<group>"; };
		0CD92977170E7D2C005D4780 /* bombExplode6.png */ = {isa = PBXFileReference; lastKnownFileType = image.png; path = bombExplode6.png; sourceTree = "<group>"; };
		0CD92978170E7D2C005D4780 /* bombExplode7.png */ = {isa = PBXFileReference; lastKnownFileType = image.png; path = bombExplode7.png; sourceTree = "<group>"; };
		0CD92979170E7D2C005D4780 /* bombExplode8.png */ = {isa = PBXFileReference; lastKnownFileType = image.png; path = bombExplode8.png; sourceTree = "<group>"; };
		0CD9297A170E7D2C005D4780 /* bombExplode9.png */ = {isa = PBXFileReference; lastKnownFileType = image.png; path = bombExplode9.png; sourceTree = "<group>"; };
		0CD9297B170E7D2C005D4780 /* bombExplode10.png */ = {isa = PBXFileReference; lastKnownFileType = image.png; path = bombExplode10.png; sourceTree = "<group>"; };
		0CD9297C170E7D2C005D4780 /* bombExplode11.png */ = {isa = PBXFileReference; lastKnownFileType = image.png; path = bombExplode11.png; sourceTree = "<group>"; };
		0CD9297D170E7D2C005D4780 /* bombExplode12.png */ = {isa = PBXFileReference; lastKnownFileType = image.png; path = bombExplode12.png; sourceTree = "<group>"; };
		0CD9297E170E7D2D005D4780 /* bombExplode13.png */ = {isa = PBXFileReference; lastKnownFileType = image.png; path = bombExplode13.png; sourceTree = "<group>"; };
		0CD9297F170E7D2D005D4780 /* bombExplode14.png */ = {isa = PBXFileReference; lastKnownFileType = image.png; path = bombExplode14.png; sourceTree = "<group>"; };
		0CD92980170E7D2D005D4780 /* bombExplode15.png */ = {isa = PBXFileReference; lastKnownFileType = image.png; path = bombExplode15.png; sourceTree = "<group>"; };
		0CD92981170E7D2D005D4780 /* teleport1.png */ = {isa = PBXFileReference; lastKnownFileType = image.png; path = teleport1.png; sourceTree = "<group>"; };
		0CD92982170E7D2D005D4780 /* teleport2.png */ = {isa = PBXFileReference; lastKnownFileType = image.png; path = teleport2.png; sourceTree = "<group>"; };
		0CD92983170E7D2D005D4780 /* teleport3.png */ = {isa = PBXFileReference; lastKnownFileType = image.png; path = teleport3.png; sourceTree = "<group>"; };
		0CD92984170E7D2D005D4780 /* teleport4.png */ = {isa = PBXFileReference; lastKnownFileType = image.png; path = teleport4.png; sourceTree = "<group>"; };
		0CD92985170E7D2D005D4780 /* teleport5.png */ = {isa = PBXFileReference; lastKnownFileType = image.png; path = teleport5.png; sourceTree = "<group>"; };
		0CD92986170E7D2D005D4780 /* teleport6.png */ = {isa = PBXFileReference; lastKnownFileType = image.png; path = teleport6.png; sourceTree = "<group>"; };
		0CD92987170E7D2D005D4780 /* teleport7.png */ = {isa = PBXFileReference; lastKnownFileType = image.png; path = teleport7.png; sourceTree = "<group>"; };
		0CD92988170E7D2D005D4780 /* teleport8.png */ = {isa = PBXFileReference; lastKnownFileType = image.png; path = teleport8.png; sourceTree = "<group>"; };
		0CD92989170E7D2D005D4780 /* bomb1.png */ = {isa = PBXFileReference; lastKnownFileType = image.png; path = bomb1.png; sourceTree = "<group>"; };
		0CD9298A170E7D2D005D4780 /* bomb2.png */ = {isa = PBXFileReference; lastKnownFileType = image.png; path = bomb2.png; sourceTree = "<group>"; };
		0CD9298B170E7D2E005D4780 /* bomb3.png */ = {isa = PBXFileReference; lastKnownFileType = image.png; path = bomb3.png; sourceTree = "<group>"; };
		0CD9298C170E7D2E005D4780 /* bomb4.png */ = {isa = PBXFileReference; lastKnownFileType = image.png; path = bomb4.png; sourceTree = "<group>"; };
		0CD9298D170E7D2E005D4780 /* enemy_suicidepanda1.png */ = {isa = PBXFileReference; lastKnownFileType = image.png; path = enemy_suicidepanda1.png; sourceTree = "<group>"; };
		0CD9298E170E7D2E005D4780 /* gun1.png */ = {isa = PBXFileReference; lastKnownFileType = image.png; path = gun1.png; sourceTree = "<group>"; };
		0CD9298F170E7D2E005D4780 /* gun2.png */ = {isa = PBXFileReference; lastKnownFileType = image.png; path = gun2.png; sourceTree = "<group>"; };
		0CD92990170E7D2E005D4780 /* gun3.png */ = {isa = PBXFileReference; lastKnownFileType = image.png; path = gun3.png; sourceTree = "<group>"; };
		0CD92991170E7D2E005D4780 /* gun4.png */ = {isa = PBXFileReference; lastKnownFileType = image.png; path = gun4.png; sourceTree = "<group>"; };
		0CD92992170E7D2E005D4780 /* gun5.png */ = {isa = PBXFileReference; lastKnownFileType = image.png; path = gun5.png; sourceTree = "<group>"; };
		0CD92993170E7D2E005D4780 /* gun6.png */ = {isa = PBXFileReference; lastKnownFileType = image.png; path = gun6.png; sourceTree = "<group>"; };
		0CD92994170E7D2E005D4780 /* gun7.png */ = {isa = PBXFileReference; lastKnownFileType = image.png; path = gun7.png; sourceTree = "<group>"; };
		0CD92995170E7D2E005D4780 /* gun8.png */ = {isa = PBXFileReference; lastKnownFileType = image.png; path = gun8.png; sourceTree = "<group>"; };
		0CD92996170E7D2E005D4780 /* gun9.png */ = {isa = PBXFileReference; lastKnownFileType = image.png; path = gun9.png; sourceTree = "<group>"; };
		0CD92997170E7D2F005D4780 /* gun10.png */ = {isa = PBXFileReference; lastKnownFileType = image.png; path = gun10.png; sourceTree = "<group>"; };
		0CD92998170E7D2F005D4780 /* gun11.png */ = {isa = PBXFileReference; lastKnownFileType = image.png; path = gun11.png; sourceTree = "<group>"; };
		0CD92999170E7D2F005D4780 /* gun12.png */ = {isa = PBXFileReference; lastKnownFileType = image.png; path = gun12.png; sourceTree = "<group>"; };
		0CD9299A170E7D2F005D4780 /* gun13.png */ = {isa = PBXFileReference; lastKnownFileType = image.png; path = gun13.png; sourceTree = "<group>"; };
		0CD9299B170E7D2F005D4780 /* gun14.png */ = {isa = PBXFileReference; lastKnownFileType = image.png; path = gun14.png; sourceTree = "<group>"; };
		0CD929E4170E7D30005D4780 /* ship1.png */ = {isa = PBXFileReference; lastKnownFileType = image.png; path = ship1.png; sourceTree = "<group>"; };
		0CD929E5170E7D30005D4780 /* ship2.png */ = {isa = PBXFileReference; lastKnownFileType = image.png; path = ship2.png; sourceTree = "<group>"; };
		0CD929E6170E7D30005D4780 /* ship3.png */ = {isa = PBXFileReference; lastKnownFileType = image.png; path = ship3.png; sourceTree = "<group>"; };
		0CD929E7170E7D30005D4780 /* ship4.png */ = {isa = PBXFileReference; lastKnownFileType = image.png; path = ship4.png; sourceTree = "<group>"; };
		0CD929E8170E7D30005D4780 /* ship5.png */ = {isa = PBXFileReference; lastKnownFileType = image.png; path = ship5.png; sourceTree = "<group>"; };
		0CD929E9170E7D30005D4780 /* ship6.png */ = {isa = PBXFileReference; lastKnownFileType = image.png; path = ship6.png; sourceTree = "<group>"; };
		0CD929EA170E7D30005D4780 /* ship7.png */ = {isa = PBXFileReference; lastKnownFileType = image.png; path = ship7.png; sourceTree = "<group>"; };
		0CD929EB170E7D30005D4780 /* ship8.png */ = {isa = PBXFileReference; lastKnownFileType = image.png; path = ship8.png; sourceTree = "<group>"; };
		0CD929EC170E7D30005D4780 /* ship9.png */ = {isa = PBXFileReference; lastKnownFileType = image.png; path = ship9.png; sourceTree = "<group>"; };
		0CD929ED170E7D30005D4780 /* ship10.png */ = {isa = PBXFileReference; lastKnownFileType = image.png; path = ship10.png; sourceTree = "<group>"; };
		0CD929EE170E7D30005D4780 /* ship12.png */ = {isa = PBXFileReference; lastKnownFileType = image.png; path = ship12.png; sourceTree = "<group>"; };
		0CD92A4E170E7DAB005D4780 /* appIcon.png */ = {isa = PBXFileReference; lastKnownFileType = image.png; path = appIcon.png; sourceTree = "<group>"; };
		0CD92A4F170E7DAB005D4780 /* bearHit.mp3 */ = {isa = PBXFileReference; lastKnownFileType = audio.mp3; path = bearHit.mp3; sourceTree = "<group>"; };
		0CD92A50170E7DAB005D4780 /* bearHit2.mp3 */ = {isa = PBXFileReference; lastKnownFileType = audio.mp3; path = bearHit2.mp3; sourceTree = "<group>"; };
		0CD92A51170E7DAB005D4780 /* bombDrop.wav */ = {isa = PBXFileReference; lastKnownFileType = audio.wav; path = bombDrop.wav; sourceTree = "<group>"; };
		0CD92A52170E7DAB005D4780 /* bombground.mp3 */ = {isa = PBXFileReference; lastKnownFileType = audio.mp3; path = bombground.mp3; sourceTree = "<group>"; };
		0CD92A53170E7DAB005D4780 /* bombSound.wav */ = {isa = PBXFileReference; lastKnownFileType = audio.wav; path = bombSound.wav; sourceTree = "<group>"; };
		0CD92A54170E7DAB005D4780 /* crash.wav */ = {isa = PBXFileReference; lastKnownFileType = audio.wav; path = crash.wav; sourceTree = "<group>"; };
		0CD92A57170E7DAB005D4780 /* gamebgm.mp3 */ = {isa = PBXFileReference; lastKnownFileType = audio.mp3; path = gamebgm.mp3; sourceTree = "<group>"; };
		0CD92A58170E7DAB005D4780 /* gameover.mp3 */ = {isa = PBXFileReference; lastKnownFileType = audio.mp3; path = gameover.mp3; sourceTree = "<group>"; };
		0CD92A5D170E7DAB005D4780 /* Menu.mp3 */ = {isa = PBXFileReference; lastKnownFileType = audio.mp3; path = Menu.mp3; sourceTree = "<group>"; };
		0CD92A5F170E7DAB005D4780 /* PlayerHit.mp3 */ = {isa = PBXFileReference; lastKnownFileType = audio.mp3; path = PlayerHit.mp3; sourceTree = "<group>"; };
		0CD92A61170E7DAB005D4780 /* playershoot1.mp3 */ = {isa = PBXFileReference; lastKnownFileType = audio.mp3; path = playershoot1.mp3; sourceTree = "<group>"; };
		0CD92A62170E7DAB005D4780 /* shipDestroySound.wav */ = {isa = PBXFileReference; lastKnownFileType = audio.wav; path = shipDestroySound.wav; sourceTree = "<group>"; };
		0CD92A63170E7DAB005D4780 /* Teleport.mp3 */ = {isa = PBXFileReference; lastKnownFileType = audio.mp3; path = Teleport.mp3; sourceTree = "<group>"; };
		0CD92A64170E7DAB005D4780 /* Teleport2.mp3 */ = {isa = PBXFileReference; lastKnownFileType = audio.mp3; path = Teleport2.mp3; sourceTree = "<group>"; };
		0CD92A7E170E8189005D4780 /* shield.png */ = {isa = PBXFileReference; lastKnownFileType = image.png; path = shield.png; sourceTree = "<group>"; };
		0CD92A84170EA43E005D4780 /* weapon_boss1.png */ = {isa = PBXFileReference; lastKnownFileType = image.png; path = weapon_boss1.png; sourceTree = "<group>"; };
		0CD92A88170EA5CA005D4780 /* medal.png */ = {isa = PBXFileReference; lastKnownFileType = image.png; path = medal.png; sourceTree = "<group>"; };
		787B3293170E4AE40008EC2A /* healthbar.png */ = {isa = PBXFileReference; lastKnownFileType = image.png; path = healthbar.png; sourceTree = "<group>"; };
		787B3294170E4AE40008EC2A /* powerup_health.png */ = {isa = PBXFileReference; lastKnownFileType = image.png; path = powerup_health.png; sourceTree = "<group>"; };
		787B3297170E4C600008EC2A /* tapscreen.png */ = {isa = PBXFileReference; lastKnownFileType = image.png; path = tapscreen.png; sourceTree = "<group>"; };
		787B3299170E53710008EC2A /* HowToPage2ViewController.h */ = {isa = PBXFileReference; fileEncoding = 4; lastKnownFileType = sourcecode.c.h; path = HowToPage2ViewController.h; sourceTree = "<group>"; };
		787B329A170E53710008EC2A /* HowToPage2ViewController.m */ = {isa = PBXFileReference; fileEncoding = 4; lastKnownFileType = sourcecode.c.objc; path = HowToPage2ViewController.m; sourceTree = "<group>"; };
		787B329B170E53710008EC2A /* HowToPage2ViewController.xib */ = {isa = PBXFileReference; fileEncoding = 4; lastKnownFileType = file.xib; path = HowToPage2ViewController.xib; sourceTree = "<group>"; };
		78E32EA8170D243A00E56BEE /* Default-568h@2x.png */ = {isa = PBXFileReference; lastKnownFileType = image.png; path = "Default-568h@2x.png"; sourceTree = "<group>"; };
		78E32EBA170D8E7300E56BEE /* bg_mainmenuview.png */ = {isa = PBXFileReference; lastKnownFileType = image.png; path = bg_mainmenuview.png; sourceTree = "<group>"; };
		78E32EBB170D8E7300E56BEE /* bg_endgameview.png */ = {isa = PBXFileReference; lastKnownFileType = image.png; path = bg_endgameview.png; sourceTree = "<group>"; };
		78E32EBC170D8E7300E56BEE /* bg_howtoview.png */ = {isa = PBXFileReference; lastKnownFileType = image.png; path = bg_howtoview.png; sourceTree = "<group>"; };
		78E32EBE170D8E7300E56BEE /* bg_gameview.png */ = {isa = PBXFileReference; lastKnownFileType = image.png; path = bg_gameview.png; sourceTree = "<group>"; };
		78E32EC4170D8EF500E56BEE /* button_endgameview.png */ = {isa = PBXFileReference; lastKnownFileType = image.png; path = button_endgameview.png; sourceTree = "<group>"; };
		78E32EC5170D8EF500E56BEE /* button_goback.png */ = {isa = PBXFileReference; lastKnownFileType = image.png; path = button_goback.png; sourceTree = "<group>"; };
		78E32EC6170D8EF600E56BEE /* button_howto.png */ = {isa = PBXFileReference; lastKnownFileType = image.png; path = button_howto.png; sourceTree = "<group>"; };
		78E32EC7170D8EF600E56BEE /* button_score.png */ = {isa = PBXFileReference; lastKnownFileType = image.png; path = button_score.png; sourceTree = "<group>"; };
		78E32EC8170D8EF600E56BEE /* button_play.png */ = {isa = PBXFileReference; lastKnownFileType = image.png; path = button_play.png; sourceTree = "<group>"; };
		78E32EC9170D8EF600E56BEE /* button_specialammo.png */ = {isa = PBXFileReference; lastKnownFileType = image.png; path = button_specialammo.png; sourceTree = "<group>"; };
		78E32ED0170D8F4E00E56BEE /* buttonpressed_endgameview.png */ = {isa = PBXFileReference; lastKnownFileType = image.png; path = buttonpressed_endgameview.png; sourceTree = "<group>"; };
		78E32ED1170D8F4E00E56BEE /* buttonpressed_goback.png */ = {isa = PBXFileReference; lastKnownFileType = image.png; path = buttonpressed_goback.png; sourceTree = "<group>"; };
		78E32ED2170D8F4F00E56BEE /* buttonpressed_howto.png */ = {isa = PBXFileReference; lastKnownFileType = image.png; path = buttonpressed_howto.png; sourceTree = "<group>"; };
		78E32ED3170D8F4F00E56BEE /* buttonpressed_score.png */ = {isa = PBXFileReference; lastKnownFileType = image.png; path = buttonpressed_score.png; sourceTree = "<group>"; };
		78E32ED4170D8F4F00E56BEE /* buttonpressed_play.png */ = {isa = PBXFileReference; lastKnownFileType = image.png; path = buttonpressed_play.png; sourceTree = "<group>"; };
		78E32EDA170D8F8400E56BEE /* enemy_boss1_carebear.png */ = {isa = PBXFileReference; lastKnownFileType = image.png; path = enemy_boss1_carebear.png; sourceTree = "<group>"; };
		78E32EDB170D8F8400E56BEE /* enemy_boss3_giantpanda.png */ = {isa = PBXFileReference; lastKnownFileType = image.png; path = enemy_boss3_giantpanda.png; sourceTree = "<group>"; };
		78E32EDC170D8F8400E56BEE /* enemy_boss2_cybear.png */ = {isa = PBXFileReference; lastKnownFileType = image.png; path = enemy_boss2_cybear.png; sourceTree = "<group>"; };
		78E32EE0170D901D00E56BEE /* enemy_teddybear.png */ = {isa = PBXFileReference; lastKnownFileType = image.png; path = enemy_teddybear.png; sourceTree = "<group>"; };
		78E32EE1170D901D00E56BEE /* enemy_polarbear.png */ = {isa = PBXFileReference; lastKnownFileType = image.png; path = enemy_polarbear.png; sourceTree = "<group>"; };
		78E32EE2170D901D00E56BEE /* enemy_suicidepanda.png */ = {isa = PBXFileReference; lastKnownFileType = image.png; path = enemy_suicidepanda.png; sourceTree = "<group>"; };
		78E32EE3170D901D00E56BEE /* enemy_hybridbear.png */ = {isa = PBXFileReference; lastKnownFileType = image.png; path = enemy_hybridbear.png; sourceTree = "<group>"; };
		78E32EE8170D902F00E56BEE /* player_koala.png */ = {isa = PBXFileReference; lastKnownFileType = image.png; path = player_koala.png; sourceTree = "<group>"; };
		78E32EEA170D90BF00E56BEE /* powerup_shield.png */ = {isa = PBXFileReference; lastKnownFileType = image.png; path = powerup_shield.png; sourceTree = "<group>"; };
		78E32EEB170D90BF00E56BEE /* powerup_weapon.png */ = {isa = PBXFileReference; lastKnownFileType = image.png; path = powerup_weapon.png; sourceTree = "<group>"; };
		78E32EEF170D90EA00E56BEE /* weapon_boss2.png */ = {isa = PBXFileReference; lastKnownFileType = image.png; path = weapon_boss2.png; sourceTree = "<group>"; };
		78E32EF0170D90EA00E56BEE /* weapon_enemybomb.png */ = {isa = PBXFileReference; lastKnownFileType = image.png; path = weapon_enemybomb.png; sourceTree = "<group>"; };
		78E32EF1170D90EA00E56BEE /* weapon_playerammo1.png */ = {isa = PBXFileReference; lastKnownFileType = image.png; path = weapon_playerammo1.png; sourceTree = "<group>"; };
		78E32EF2170D90EA00E56BEE /* weapon_playerammo2.png */ = {isa = PBXFileReference; lastKnownFileType = image.png; path = weapon_playerammo2.png; sourceTree = "<group>"; };
		78E32EF3170D90EA00E56BEE /* weapon_playerammo3.png */ = {isa = PBXFileReference; lastKnownFileType = image.png; path = weapon_playerammo3.png; sourceTree = "<group>"; };
		78E32EFA170D924E00E56BEE /* bg_highscoreview.png */ = {isa = PBXFileReference; lastKnownFileType = image.png; path = bg_highscoreview.png; sourceTree = "<group>"; };
		78E32EFC170D9A6B00E56BEE /* HowToPage1ViewController.h */ = {isa = PBXFileReference; fileEncoding = 4; lastKnownFileType = sourcecode.c.h; path = HowToPage1ViewController.h; sourceTree = "<group>"; };
		78E32EFD170D9A6C00E56BEE /* HowToPage1ViewController.m */ = {isa = PBXFileReference; fileEncoding = 4; lastKnownFileType = sourcecode.c.objc; path = HowToPage1ViewController.m; sourceTree = "<group>"; };
		78E32EFE170D9A6C00E56BEE /* HowToPage1ViewController.xib */ = {isa = PBXFileReference; fileEncoding = 4; lastKnownFileType = file.xib; path = HowToPage1ViewController.xib; sourceTree = "<group>"; };
		78E32F05170DA34F00E56BEE /* lefttilt.png */ = {isa = PBXFileReference; lastKnownFileType = image.png; path = lefttilt.png; sourceTree = "<group>"; };
		78E32F06170DA34F00E56BEE /* righttilt.png */ = {isa = PBXFileReference; lastKnownFileType = image.png; path = righttilt.png; sourceTree = "<group>"; };
		78E51796170D05610033FB60 /* button_home.png */ = {isa = PBXFileReference; lastKnownFileType = image.png; path = button_home.png; sourceTree = "<group>"; };
		78E517A4170D05AB0033FB60 /* buttonpressed_home.png */ = {isa = PBXFileReference; lastKnownFileType = image.png; path = buttonpressed_home.png; sourceTree = "<group>"; };
		78ED7BC4170BBAC400093A5B /* appIconRetina.png */ = {isa = PBXFileReference; lastKnownFileType = image.png; path = appIconRetina.png; sourceTree = "<group>"; };
/* End PBXFileReference section */

/* Begin PBXFrameworksBuildPhase section */
		0C21FDB9164CA2F2006152B9 /* Frameworks */ = {
			isa = PBXFrameworksBuildPhase;
			buildActionMask = 2147483647;
			files = (
				0C010F2C1662FB500063670B /* AVFoundation.framework in Frameworks */,
				0C010F2A1662FB480063670B /* OpenAL.framework in Frameworks */,
				0C010F281662FB420063670B /* AudioToolbox.framework in Frameworks */,
				0C21FDDC164CA33E006152B9 /* QuartzCore.framework in Frameworks */,
				0C21FDD9164CA338006152B9 /* GLKit.framework in Frameworks */,
				0C21FDDA164CA338006152B9 /* OpenGLES.framework in Frameworks */,
				0C21FDC1164CA2F2006152B9 /* UIKit.framework in Frameworks */,
				0C21FDC3164CA2F2006152B9 /* Foundation.framework in Frameworks */,
				0C21FDC5164CA2F2006152B9 /* CoreGraphics.framework in Frameworks */,
			);
			runOnlyForDeploymentPostprocessing = 0;
		};
/* End PBXFrameworksBuildPhase section */

/* Begin PBXGroup section */
		0C010E641662F9840063670B /* AudioLibrary */ = {
			isa = PBXGroup;
			children = (
				0C010E651662F9840063670B /* CDAudioManager.h */,
				0C010E661662F9840063670B /* CDAudioManager.m */,
				0C010E671662F9840063670B /* CDConfig.h */,
				0C010E681662F9840063670B /* CDOpenALSupport.h */,
				0C010E691662F9840063670B /* CDOpenALSupport.m */,
				0C010E6A1662F9840063670B /* CocosDenshion.h */,
				0C010E6B1662F9840063670B /* CocosDenshion.m */,
				0C010E6C1662F9840063670B /* SimpleAudioEngine.h */,
				0C010E6D1662F9840063670B /* SimpleAudioEngine.m */,
			);
			name = AudioLibrary;
			path = CocosDenshion/CocosDenshion;
			sourceTree = "<group>";
		};
		0C21FDB1164CA2F2006152B9 = {
			isa = PBXGroup;
			children = (
				78E32EA8170D243A00E56BEE /* Default-568h@2x.png */,
				0C21FDBF164CA2F2006152B9 /* Frameworks */,
				0C21FDBD164CA2F2006152B9 /* Products */,
				0C21FDC6164CA2F2006152B9 /* PrototypeApp */,
				0C21FDCF164CA2F2006152B9 /* ExerAppDelegate.h */,
				0C21FDD0164CA2F2006152B9 /* ExerAppDelegate.m */,
				0C21FDE9164CABED006152B9 /* Resources */,
				78ED7BC4170BBAC400093A5B /* appIconRetina.png */,
				0CD92A4E170E7DAB005D4780 /* appIcon.png */,
			);
			sourceTree = "<group>";
		};
		0C21FDBD164CA2F2006152B9 /* Products */ = {
			isa = PBXGroup;
			children = (
				0C21FDBC164CA2F2006152B9 /* AlienInvasion.app */,
			);
			name = Products;
			sourceTree = "<group>";
		};
		0C21FDBF164CA2F2006152B9 /* Frameworks */ = {
			isa = PBXGroup;
			children = (
				0C010F2B1662FB500063670B /* AVFoundation.framework */,
				0C010F291662FB480063670B /* OpenAL.framework */,
				0C010F271662FB420063670B /* AudioToolbox.framework */,
				0C21FDDB164CA33E006152B9 /* QuartzCore.framework */,
				0C21FDD7164CA338006152B9 /* GLKit.framework */,
				0C21FDD8164CA338006152B9 /* OpenGLES.framework */,
				0C21FDC0164CA2F2006152B9 /* UIKit.framework */,
				0C21FDC2164CA2F2006152B9 /* Foundation.framework */,
				0C21FDC4164CA2F2006152B9 /* CoreGraphics.framework */,
			);
			name = Frameworks;
			sourceTree = "<group>";
		};
		0C21FDC6164CA2F2006152B9 /* PrototypeApp */ = {
			isa = PBXGroup;
			children = (
				0CD92A81170E86C1005D4780 /* GameViews and Classes */,
				0C010E641662F9840063670B /* AudioLibrary */,
				0C21FDC7164CA2F2006152B9 /* Supporting Files */,
			);
			name = PrototypeApp;
			path = OpenGLTestProgram;
			sourceTree = "<group>";
		};
		0C21FDC7164CA2F2006152B9 /* Supporting Files */ = {
			isa = PBXGroup;
			children = (
				0C21FDC8164CA2F2006152B9 /* AlienInvasion-Info.plist */,
				0C21FDC9164CA2F2006152B9 /* InfoPlist.strings */,
				0C21FDCC164CA2F2006152B9 /* main.m */,
				0C21FDCE164CA2F2006152B9 /* AlienInvasion-Prefix.pch */,
			);
			name = "Supporting Files";
			sourceTree = "<group>";
		};
		0C21FDE9164CABED006152B9 /* Resources */ = {
			isa = PBXGroup;
			children = (
				0CD92A7D170E7DC6005D4780 /* Image Resources */,
				0CD92A4D170E7D46005D4780 /* Animation Resource */,
				0CD92A7C170E7DB9005D4780 /* Sound Resources */,
			);
			name = Resources;
			sourceTree = "<group>";
		};
		0CD02CCC16645C1400A9EB9F /* End Game */ = {
			isa = PBXGroup;
			children = (
				0C76C5581663517E00C548BC /* EndGameViewController.h */,
				0C76C5591663517E00C548BC /* EndGameViewController.m */,
				0C76C55A1663517E00C548BC /* EndGameViewController.xib */,
			);
			name = "End Game";
			sourceTree = "<group>";
		};
		0CD02CCE16645C3700A9EB9F /* Game View */ = {
			isa = PBXGroup;
			children = (
				0C21FDE6164CA99F006152B9 /* SGGViewController.h */,
				0C21FDE7164CA99F006152B9 /* SGGViewController.m */,
				0CD928EC170E5F23005D4780 /* Bomb.h */,
				0CD928ED170E5F23005D4780 /* Bomb.m */,
				0CD928EE170E5F23005D4780 /* Boss.h */,
				0CD928EF170E5F23005D4780 /* Boss.m */,
				0CD928F0170E5F23005D4780 /* FastBomber.h */,
				0CD928F1170E5F23005D4780 /* FastBomber.m */,
				0CD928F2170E5F23005D4780 /* NormalEnemy.h */,
				0CD928F3170E5F23005D4780 /* NormalEnemy.m */,
				0CD928FB170E5F3A005D4780 /* SuicideBomber.h */,
				0CD928FC170E5F3B005D4780 /* SuicideBomber.m */,
				0CD928F4170E5F23005D4780 /* Powerup.h */,
				0CD928F5170E5F23005D4780 /* Powerup.m */,
				0C76C5561663447500C548BC /* GameViewController.xib */,
				0C01EA78165F1B7E00ED872E /* Bomber.h */,
				0C01EA79165F1B7E00ED872E /* Bomber.m */,
				0C21FDF8164CAC27006152B9 /* ProtoSprite.h */,
				0C21FDF9164CAC27006152B9 /* ProtoSprite.m */,
				0C010F2F166308CC0063670B /* SoundLayer.h */,
				0C010F30166308CC0063670B /* SoundLayer.m */,
			);
			name = "Game View";
			sourceTree = "<group>";
		};
		0CD02CCF16645C4D00A9EB9F /* Main Menu */ = {
			isa = PBXGroup;
			children = (
				0C010F4F166321DC0063670B /* MainMenuViewController.h */,
				0C010F50166321DC0063670B /* MainMenuViewController.m */,
				0C010F51166321DC0063670B /* MainMenuViewController.xib */,
			);
			name = "Main Menu";
			sourceTree = "<group>";
		};
		0CD02CD016645CAA00A9EB9F /* High Score */ = {
			isa = PBXGroup;
			children = (
				0CD02CD116645CDA00A9EB9F /* HighScoreViewController.h */,
				0CD02CD216645CDA00A9EB9F /* HighScoreViewController.m */,
				0CD02CD316645CDA00A9EB9F /* HighScoreViewController.xib */,
			);
			name = "High Score";
			sourceTree = "<group>";
		};
		0CD02CE4166470F700A9EB9F /* How To */ = {
			isa = PBXGroup;
			children = (
				0CD02CE51664711B00A9EB9F /* HowToViewController.h */,
				0CD02CE61664711B00A9EB9F /* HowToViewController.m */,
				0CD9296B170E73B8005D4780 /* HowToPage3ViewController.xib */,
				0CD92963170E7373005D4780 /* HowToPage3ViewController.h */,
				0CD92964170E7373005D4780 /* HowToPage3ViewController.m */,
				0CD92965170E7373005D4780 /* HowToPage4ViewController.h */,
				0CD92966170E7373005D4780 /* HowToPage4ViewController.m */,
				0CD92967170E7373005D4780 /* HowToPage4ViewController.xib */,
				0CD02CE71664711B00A9EB9F /* HowToViewController.xib */,
				78E32EFC170D9A6B00E56BEE /* HowToPage1ViewController.h */,
				78E32EFD170D9A6C00E56BEE /* HowToPage1ViewController.m */,
				78E32EFE170D9A6C00E56BEE /* HowToPage1ViewController.xib */,
				787B3299170E53710008EC2A /* HowToPage2ViewController.h */,
				787B329A170E53710008EC2A /* HowToPage2ViewController.m */,
				787B329B170E53710008EC2A /* HowToPage2ViewController.xib */,
			);
			name = "How To";
			sourceTree = "<group>";
		};
		0CD9296F170E77F5005D4780 /* GameViewImages */ = {
			isa = PBXGroup;
			children = (
				0CD92A7E170E8189005D4780 /* shield.png */,
				787B3293170E4AE40008EC2A /* healthbar.png */,
				787B3294170E4AE40008EC2A /* powerup_health.png */,
				78E517A4170D05AB0033FB60 /* buttonpressed_home.png */,
				78E32EC9170D8EF600E56BEE /* button_specialammo.png */,
				78E32EDA170D8F8400E56BEE /* enemy_boss1_carebear.png */,
				78E32EDB170D8F8400E56BEE /* enemy_boss3_giantpanda.png */,
				0CD92A88170EA5CA005D4780 /* medal.png */,
				78E32EDC170D8F8400E56BEE /* enemy_boss2_cybear.png */,
				78E32EE0170D901D00E56BEE /* enemy_teddybear.png */,
				78E32EE1170D901D00E56BEE /* enemy_polarbear.png */,
				78E32EE2170D901D00E56BEE /* enemy_suicidepanda.png */,
				78E32EE3170D901D00E56BEE /* enemy_hybridbear.png */,
				78E32EE8170D902F00E56BEE /* player_koala.png */,
				78E32EEA170D90BF00E56BEE /* powerup_shield.png */,
				78E32EEB170D90BF00E56BEE /* powerup_weapon.png */,
				0CD92A84170EA43E005D4780 /* weapon_boss1.png */,
				78E32EEF170D90EA00E56BEE /* weapon_boss2.png */,
				78E32EF0170D90EA00E56BEE /* weapon_enemybomb.png */,
				78E32EF1170D90EA00E56BEE /* weapon_playerammo1.png */,
				78E32EF2170D90EA00E56BEE /* weapon_playerammo2.png */,
				78E32EF3170D90EA00E56BEE /* weapon_playerammo3.png */,
			);
			name = GameViewImages;
			sourceTree = "<group>";
		};
		0CD92970170E78AE005D4780 /* Menu Images */ = {
			isa = PBXGroup;
			children = (
				0CD9298D170E7D2E005D4780 /* enemy_suicidepanda1.png */,
				78E32F05170DA34F00E56BEE /* lefttilt.png */,
				78E32F06170DA34F00E56BEE /* righttilt.png */,
				787B3297170E4C600008EC2A /* tapscreen.png */,
				0CD9296D170E752E005D4780 /* enemy_suicidepanda1.png */,
				78E32EBA170D8E7300E56BEE /* bg_mainmenuview.png */,
				78E32EFA170D924E00E56BEE /* bg_highscoreview.png */,
				78E32EBB170D8E7300E56BEE /* bg_endgameview.png */,
				78E32EBC170D8E7300E56BEE /* bg_howtoview.png */,
				78E32EBE170D8E7300E56BEE /* bg_gameview.png */,
				78E51796170D05610033FB60 /* button_home.png */,
				78E32EC4170D8EF500E56BEE /* button_endgameview.png */,
				78E32EC5170D8EF500E56BEE /* button_goback.png */,
				78E32EC6170D8EF600E56BEE /* button_howto.png */,
				78E32EC7170D8EF600E56BEE /* button_score.png */,
				78E32EC8170D8EF600E56BEE /* button_play.png */,
				78E32ED0170D8F4E00E56BEE /* buttonpressed_endgameview.png */,
				78E32ED1170D8F4E00E56BEE /* buttonpressed_goback.png */,
				78E32ED2170D8F4F00E56BEE /* buttonpressed_howto.png */,
				78E32ED3170D8F4F00E56BEE /* buttonpressed_score.png */,
				78E32ED4170D8F4F00E56BEE /* buttonpressed_play.png */,
				0CD928FE170E72D9005D4780 /* bg_howtoview1.png */,
				0CD928FF170E72DA005D4780 /* bg_howtoview2.png */,
				0CD92900170E72DA005D4780 /* bg_howtoview3.png */,
				0CD92901170E72DA005D4780 /* button_goforward.png */,
				0CD92902170E72DA005D4780 /* buttonpressed_goforward.png */,
			);
			name = "Menu Images";
			sourceTree = "<group>";
		};
		0CD92A4D170E7D46005D4780 /* Animation Resource */ = {
			isa = PBXGroup;
			children = (
				0CD92972170E7D2B005D4780 /* bombExplode1.png */,
				0CD92973170E7D2C005D4780 /* bombExplode2.png */,
				0CD92974170E7D2C005D4780 /* bombExplode3.png */,
				0CD92975170E7D2C005D4780 /* bombExplode4.png */,
				0CD92976170E7D2C005D4780 /* bombExplode5.png */,
				0CD92977170E7D2C005D4780 /* bombExplode6.png */,
				0CD92978170E7D2C005D4780 /* bombExplode7.png */,
				0CD92979170E7D2C005D4780 /* bombExplode8.png */,
				0CD9297A170E7D2C005D4780 /* bombExplode9.png */,
				0CD9297B170E7D2C005D4780 /* bombExplode10.png */,
				0CD9297C170E7D2C005D4780 /* bombExplode11.png */,
				0CD9297D170E7D2C005D4780 /* bombExplode12.png */,
				0CD9297E170E7D2D005D4780 /* bombExplode13.png */,
				0CD9297F170E7D2D005D4780 /* bombExplode14.png */,
				0CD92980170E7D2D005D4780 /* bombExplode15.png */,
				0CD92981170E7D2D005D4780 /* teleport1.png */,
				0CD92982170E7D2D005D4780 /* teleport2.png */,
				0CD92983170E7D2D005D4780 /* teleport3.png */,
				0CD92984170E7D2D005D4780 /* teleport4.png */,
				0CD92985170E7D2D005D4780 /* teleport5.png */,
				0CD92986170E7D2D005D4780 /* teleport6.png */,
				0CD92987170E7D2D005D4780 /* teleport7.png */,
				0CD92988170E7D2D005D4780 /* teleport8.png */,
				0CD92989170E7D2D005D4780 /* bomb1.png */,
				0CD9298A170E7D2D005D4780 /* bomb2.png */,
				0CD9298B170E7D2E005D4780 /* bomb3.png */,
				0CD9298C170E7D2E005D4780 /* bomb4.png */,
				0CD9298E170E7D2E005D4780 /* gun1.png */,
				0CD9298F170E7D2E005D4780 /* gun2.png */,
				0CD92990170E7D2E005D4780 /* gun3.png */,
				0CD92991170E7D2E005D4780 /* gun4.png */,
				0CD92992170E7D2E005D4780 /* gun5.png */,
				0CD92993170E7D2E005D4780 /* gun6.png */,
				0CD92994170E7D2E005D4780 /* gun7.png */,
				0CD92995170E7D2E005D4780 /* gun8.png */,
				0CD92996170E7D2E005D4780 /* gun9.png */,
				0CD92997170E7D2F005D4780 /* gun10.png */,
				0CD92998170E7D2F005D4780 /* gun11.png */,
				0CD92999170E7D2F005D4780 /* gun12.png */,
				0CD9299A170E7D2F005D4780 /* gun13.png */,
				0CD9299B170E7D2F005D4780 /* gun14.png */,
				0CD929E4170E7D30005D4780 /* ship1.png */,
				0CD929E5170E7D30005D4780 /* ship2.png */,
				0CD929E6170E7D30005D4780 /* ship3.png */,
				0CD929E7170E7D30005D4780 /* ship4.png */,
				0CD929E8170E7D30005D4780 /* ship5.png */,
				0CD929E9170E7D30005D4780 /* ship6.png */,
				0CD929EA170E7D30005D4780 /* ship7.png */,
				0CD929EB170E7D30005D4780 /* ship8.png */,
				0CD929EC170E7D30005D4780 /* ship9.png */,
				0CD929ED170E7D30005D4780 /* ship10.png */,
				0CD929EE170E7D30005D4780 /* ship12.png */,
			);
			name = "Animation Resource";
			sourceTree = "<group>";
		};
		0CD92A7C170E7DB9005D4780 /* Sound Resources */ = {
			isa = PBXGroup;
			children = (
				0CD92A4F170E7DAB005D4780 /* bearHit.mp3 */,
				0CD92A50170E7DAB005D4780 /* bearHit2.mp3 */,
				0CD92A51170E7DAB005D4780 /* bombDrop.wav */,
				0CD92A52170E7DAB005D4780 /* bombground.mp3 */,
				0CD92A53170E7DAB005D4780 /* bombSound.wav */,
				0CD92A54170E7DAB005D4780 /* crash.wav */,
				0CD92A57170E7DAB005D4780 /* gamebgm.mp3 */,
				0CD92A58170E7DAB005D4780 /* gameover.mp3 */,
				0CD92A5D170E7DAB005D4780 /* Menu.mp3 */,
				0CD92A5F170E7DAB005D4780 /* PlayerHit.mp3 */,
				0CD92A61170E7DAB005D4780 /* playershoot1.mp3 */,
				0CD92A62170E7DAB005D4780 /* shipDestroySound.wav */,
				0CD92A63170E7DAB005D4780 /* Teleport.mp3 */,
				0CD92A64170E7DAB005D4780 /* Teleport2.mp3 */,
			);
			name = "Sound Resources";
			sourceTree = "<group>";
		};
		0CD92A7D170E7DC6005D4780 /* Image Resources */ = {
			isa = PBXGroup;
			children = (
				0CD92970170E78AE005D4780 /* Menu Images */,
				0CD9296F170E77F5005D4780 /* GameViewImages */,
			);
			name = "Image Resources";
			sourceTree = "<group>";
		};
		0CD92A81170E86C1005D4780 /* GameViews and Classes */ = {
			isa = PBXGroup;
			children = (
				0CD02CCF16645C4D00A9EB9F /* Main Menu */,
				0CD02CD016645CAA00A9EB9F /* High Score */,
				0CD02CCE16645C3700A9EB9F /* Game View */,
				0CD02CE4166470F700A9EB9F /* How To */,
				0CD02CCC16645C1400A9EB9F /* End Game */,
			);
			name = "GameViews and Classes";
			sourceTree = "<group>";
		};
/* End PBXGroup section */

/* Begin PBXNativeTarget section */
		0C21FDBB164CA2F2006152B9 /* AlienInvasion */ = {
			isa = PBXNativeTarget;
			buildConfigurationList = 0C21FDD4164CA2F2006152B9 /* Build configuration list for PBXNativeTarget "AlienInvasion" */;
			buildPhases = (
				0C21FDB8164CA2F2006152B9 /* Sources */,
				0C21FDB9164CA2F2006152B9 /* Frameworks */,
				0C21FDBA164CA2F2006152B9 /* Resources */,
			);
			buildRules = (
			);
			dependencies = (
			);
			name = AlienInvasion;
			productName = OpenGLTestProgram;
			productReference = 0C21FDBC164CA2F2006152B9 /* AlienInvasion.app */;
			productType = "com.apple.product-type.application";
		};
/* End PBXNativeTarget section */

/* Begin PBXProject section */
		0C21FDB3164CA2F2006152B9 /* Project object */ = {
			isa = PBXProject;
			attributes = {
				CLASSPREFIX = Exer;
				LastUpgradeCheck = 0460;
				ORGANIZATIONNAME = "Jose Mari Salandanan";
			};
			buildConfigurationList = 0C21FDB6164CA2F2006152B9 /* Build configuration list for PBXProject "AlienInvasion" */;
			compatibilityVersion = "Xcode 3.2";
			developmentRegion = English;
			hasScannedForEncodings = 0;
			knownRegions = (
				en,
			);
			mainGroup = 0C21FDB1164CA2F2006152B9;
			productRefGroup = 0C21FDBD164CA2F2006152B9 /* Products */;
			projectDirPath = "";
			projectRoot = "";
			targets = (
				0C21FDBB164CA2F2006152B9 /* AlienInvasion */,
			);
		};
/* End PBXProject section */

/* Begin PBXResourcesBuildPhase section */
		0C21FDBA164CA2F2006152B9 /* Resources */ = {
			isa = PBXResourcesBuildPhase;
			buildActionMask = 2147483647;
			files = (
				0C21FDCB164CA2F2006152B9 /* InfoPlist.strings in Resources */,
				0C010F53166321DC0063670B /* MainMenuViewController.xib in Resources */,
				0C76C5571663447500C548BC /* GameViewController.xib in Resources */,
				0C76C55C1663517F00C548BC /* EndGameViewController.xib in Resources */,
				0CD02CD516645CDA00A9EB9F /* HighScoreViewController.xib in Resources */,
				0CD02CE91664711B00A9EB9F /* HowToViewController.xib in Resources */,
				78ED7BC6170BBAC400093A5B /* appIconRetina.png in Resources */,
				78E5179D170D05620033FB60 /* button_home.png in Resources */,
				78E517AA170D05AC0033FB60 /* buttonpressed_home.png in Resources */,
				78E32EA9170D243A00E56BEE /* Default-568h@2x.png in Resources */,
				78E32EBF170D8E7300E56BEE /* bg_mainmenuview.png in Resources */,
				78E32EC0170D8E7300E56BEE /* bg_endgameview.png in Resources */,
				78E32EC3170D8E7300E56BEE /* bg_gameview.png in Resources */,
				78E32ECA170D8EF600E56BEE /* button_endgameview.png in Resources */,
				78E32ECB170D8EF600E56BEE /* button_goback.png in Resources */,
				78E32ECC170D8EF600E56BEE /* button_howto.png in Resources */,
				78E32ECD170D8EF600E56BEE /* button_score.png in Resources */,
				78E32ECE170D8EF600E56BEE /* button_play.png in Resources */,
				78E32ECF170D8EF600E56BEE /* button_specialammo.png in Resources */,
				78E32ED5170D8F4F00E56BEE /* buttonpressed_endgameview.png in Resources */,
				78E32ED6170D8F4F00E56BEE /* buttonpressed_goback.png in Resources */,
				78E32ED7170D8F4F00E56BEE /* buttonpressed_howto.png in Resources */,
				78E32ED8170D8F4F00E56BEE /* buttonpressed_score.png in Resources */,
				78E32ED9170D8F4F00E56BEE /* buttonpressed_play.png in Resources */,
				78E32EDD170D8F8400E56BEE /* enemy_boss1_carebear.png in Resources */,
				78E32EDE170D8F8400E56BEE /* enemy_boss3_giantpanda.png in Resources */,
				78E32EDF170D8F8400E56BEE /* enemy_boss2_cybear.png in Resources */,
				78E32EE4170D901D00E56BEE /* enemy_teddybear.png in Resources */,
				78E32EE5170D901D00E56BEE /* enemy_polarbear.png in Resources */,
				78E32EE6170D901D00E56BEE /* enemy_suicidepanda.png in Resources */,
				78E32EE7170D901D00E56BEE /* enemy_hybridbear.png in Resources */,
				78E32EE9170D902F00E56BEE /* player_koala.png in Resources */,
				78E32EEC170D90C000E56BEE /* powerup_shield.png in Resources */,
				78E32EED170D90C000E56BEE /* powerup_weapon.png in Resources */,
				78E32EF5170D90EA00E56BEE /* weapon_boss2.png in Resources */,
				78E32EF6170D90EA00E56BEE /* weapon_enemybomb.png in Resources */,
				78E32EF7170D90EA00E56BEE /* weapon_playerammo1.png in Resources */,
				78E32EF8170D90EA00E56BEE /* weapon_playerammo2.png in Resources */,
				78E32EF9170D90EA00E56BEE /* weapon_playerammo3.png in Resources */,
				78E32EFB170D924E00E56BEE /* bg_highscoreview.png in Resources */,
				78E32F00170D9A6C00E56BEE /* HowToPage1ViewController.xib in Resources */,
				78E32F07170DA34F00E56BEE /* lefttilt.png in Resources */,
				78E32F08170DA34F00E56BEE /* righttilt.png in Resources */,
				787B3295170E4AE40008EC2A /* healthbar.png in Resources */,
				787B3296170E4AE40008EC2A /* powerup_health.png in Resources */,
				787B3298170E4C600008EC2A /* tapscreen.png in Resources */,
				787B329D170E53710008EC2A /* HowToPage2ViewController.xib in Resources */,
				0CD9293F170E72DB005D4780 /* bg_howtoview1.png in Resources */,
				0CD92940170E72DB005D4780 /* bg_howtoview2.png in Resources */,
				0CD92941170E72DB005D4780 /* bg_howtoview3.png in Resources */,
				0CD92942170E72DB005D4780 /* button_goforward.png in Resources */,
				0CD92943170E72DB005D4780 /* buttonpressed_goforward.png in Resources */,
				0CD9296A170E7373005D4780 /* HowToPage4ViewController.xib in Resources */,
				0CD9296C170E73B8005D4780 /* HowToPage3ViewController.xib in Resources */,
				0CD929EF170E7D30005D4780 /* bombExplode1.png in Resources */,
				0CD929F0170E7D30005D4780 /* bombExplode2.png in Resources */,
				0CD929F1170E7D30005D4780 /* bombExplode3.png in Resources */,
				0CD929F2170E7D30005D4780 /* bombExplode4.png in Resources */,
				0CD929F3170E7D30005D4780 /* bombExplode5.png in Resources */,
				0CD929F4170E7D30005D4780 /* bombExplode6.png in Resources */,
				0CD929F5170E7D30005D4780 /* bombExplode7.png in Resources */,
				0CD929F6170E7D30005D4780 /* bombExplode8.png in Resources */,
				0CD929F7170E7D30005D4780 /* bombExplode9.png in Resources */,
				0CD929F8170E7D30005D4780 /* bombExplode10.png in Resources */,
				0CD929F9170E7D30005D4780 /* bombExplode11.png in Resources */,
				0CD929FA170E7D30005D4780 /* bombExplode12.png in Resources */,
				0CD929FB170E7D30005D4780 /* bombExplode13.png in Resources */,
				0CD929FC170E7D30005D4780 /* bombExplode14.png in Resources */,
				0CD929FD170E7D30005D4780 /* bombExplode15.png in Resources */,
				0CD929FE170E7D30005D4780 /* teleport1.png in Resources */,
				0CD929FF170E7D30005D4780 /* teleport2.png in Resources */,
				0CD92A00170E7D30005D4780 /* teleport3.png in Resources */,
				0CD92A01170E7D30005D4780 /* teleport4.png in Resources */,
				0CD92A02170E7D30005D4780 /* teleport5.png in Resources */,
				0CD92A03170E7D30005D4780 /* teleport6.png in Resources */,
				0CD92A04170E7D30005D4780 /* teleport7.png in Resources */,
				0CD92A05170E7D30005D4780 /* teleport8.png in Resources */,
				0CD92A06170E7D30005D4780 /* bomb1.png in Resources */,
				0CD92A07170E7D30005D4780 /* bomb2.png in Resources */,
				0CD92A08170E7D30005D4780 /* bomb3.png in Resources */,
				0CD92A09170E7D30005D4780 /* bomb4.png in Resources */,
				0CD92A0A170E7D30005D4780 /* enemy_suicidepanda1.png in Resources */,
				0CD92A0B170E7D30005D4780 /* gun1.png in Resources */,
				0CD92A0C170E7D30005D4780 /* gun2.png in Resources */,
				0CD92A0D170E7D30005D4780 /* gun3.png in Resources */,
				0CD92A0E170E7D30005D4780 /* gun4.png in Resources */,
				0CD92A0F170E7D30005D4780 /* gun5.png in Resources */,
				0CD92A10170E7D30005D4780 /* gun6.png in Resources */,
				0CD92A11170E7D30005D4780 /* gun7.png in Resources */,
				0CD92A12170E7D30005D4780 /* gun8.png in Resources */,
				0CD92A13170E7D30005D4780 /* gun9.png in Resources */,
				0CD92A14170E7D30005D4780 /* gun10.png in Resources */,
				0CD92A15170E7D30005D4780 /* gun11.png in Resources */,
				0CD92A16170E7D30005D4780 /* gun12.png in Resources */,
				0CD92A17170E7D30005D4780 /* gun13.png in Resources */,
				0CD92A18170E7D30005D4780 /* gun14.png in Resources */,
				0CD92A42170E7D30005D4780 /* ship1.png in Resources */,
				0CD92A43170E7D30005D4780 /* ship2.png in Resources */,
				0CD92A44170E7D30005D4780 /* ship3.png in Resources */,
				0CD92A45170E7D30005D4780 /* ship4.png in Resources */,
				0CD92A46170E7D30005D4780 /* ship5.png in Resources */,
				0CD92A47170E7D30005D4780 /* ship6.png in Resources */,
				0CD92A48170E7D30005D4780 /* ship7.png in Resources */,
				0CD92A49170E7D30005D4780 /* ship8.png in Resources */,
				0CD92A4A170E7D30005D4780 /* ship9.png in Resources */,
				0CD92A4B170E7D30005D4780 /* ship10.png in Resources */,
				0CD92A4C170E7D30005D4780 /* ship12.png in Resources */,
				0CD92A65170E7DAB005D4780 /* appIcon.png in Resources */,
				0CD92A66170E7DAB005D4780 /* bearHit.mp3 in Resources */,
				0CD92A67170E7DAB005D4780 /* bearHit2.mp3 in Resources */,
				0CD92A68170E7DAB005D4780 /* bombDrop.wav in Resources */,
				0CD92A69170E7DAB005D4780 /* bombground.mp3 in Resources */,
				0CD92A6A170E7DAB005D4780 /* bombSound.wav in Resources */,
				0CD92A6B170E7DAB005D4780 /* crash.wav in Resources */,
				0CD92A6E170E7DAB005D4780 /* gamebgm.mp3 in Resources */,
				0CD92A6F170E7DAB005D4780 /* gameover.mp3 in Resources */,
				0CD92A74170E7DAB005D4780 /* Menu.mp3 in Resources */,
				0CD92A76170E7DAB005D4780 /* PlayerHit.mp3 in Resources */,
				0CD92A78170E7DAB005D4780 /* playershoot1.mp3 in Resources */,
				0CD92A79170E7DAB005D4780 /* shipDestroySound.wav in Resources */,
				0CD92A7A170E7DAB005D4780 /* Teleport.mp3 in Resources */,
				0CD92A7B170E7DAB005D4780 /* Teleport2.mp3 in Resources */,
				0CD92A7F170E8189005D4780 /* shield.png in Resources */,
				0CD92A85170EA43E005D4780 /* weapon_boss1.png in Resources */,
				0CD92A89170EA5CA005D4780 /* medal.png in Resources */,
			);
			runOnlyForDeploymentPostprocessing = 0;
		};
/* End PBXResourcesBuildPhase section */

/* Begin PBXSourcesBuildPhase section */
		0C21FDB8164CA2F2006152B9 /* Sources */ = {
			isa = PBXSourcesBuildPhase;
			buildActionMask = 2147483647;
			files = (
				0C21FDCD164CA2F2006152B9 /* main.m in Sources */,
				0C21FDD1164CA2F2006152B9 /* ExerAppDelegate.m in Sources */,
				0C21FDE8164CA99F006152B9 /* SGGViewController.m in Sources */,
				0C21FDFA164CAC27006152B9 /* ProtoSprite.m in Sources */,
				0C01EA7A165F1B7E00ED872E /* Bomber.m in Sources */,
				0C010EDB1662F9840063670B /* CDAudioManager.m in Sources */,
				0C010EDC1662F9840063670B /* CDOpenALSupport.m in Sources */,
				0C010EDD1662F9840063670B /* CocosDenshion.m in Sources */,
				0C010EDE1662F9840063670B /* SimpleAudioEngine.m in Sources */,
				0C010F31166308CC0063670B /* SoundLayer.m in Sources */,
				0C010F52166321DC0063670B /* MainMenuViewController.m in Sources */,
				0C76C55B1663517F00C548BC /* EndGameViewController.m in Sources */,
				0CD02CD416645CDA00A9EB9F /* HighScoreViewController.m in Sources */,
				0CD02CE81664711B00A9EB9F /* HowToViewController.m in Sources */,
				78E32EFF170D9A6C00E56BEE /* HowToPage1ViewController.m in Sources */,
				787B329C170E53710008EC2A /* HowToPage2ViewController.m in Sources */,
				0CD928F6170E5F23005D4780 /* Bomb.m in Sources */,
				0CD928F7170E5F23005D4780 /* Boss.m in Sources */,
				0CD928F8170E5F23005D4780 /* FastBomber.m in Sources */,
				0CD928F9170E5F23005D4780 /* NormalEnemy.m in Sources */,
				0CD928FA170E5F23005D4780 /* Powerup.m in Sources */,
				0CD928FD170E5F3B005D4780 /* SuicideBomber.m in Sources */,
				0CD92968170E7373005D4780 /* HowToPage3ViewController.m in Sources */,
				0CD92969170E7373005D4780 /* HowToPage4ViewController.m in Sources */,
			);
			runOnlyForDeploymentPostprocessing = 0;
		};
/* End PBXSourcesBuildPhase section */

/* Begin PBXVariantGroup section */
		0C21FDC9164CA2F2006152B9 /* InfoPlist.strings */ = {
			isa = PBXVariantGroup;
			children = (
				0C21FDCA164CA2F2006152B9 /* en */,
			);
			name = InfoPlist.strings;
			sourceTree = "<group>";
		};
/* End PBXVariantGroup section */

/* Begin XCBuildConfiguration section */
		0C21FDD2164CA2F2006152B9 /* Debug */ = {
			isa = XCBuildConfiguration;
			buildSettings = {
				ALWAYS_SEARCH_USER_PATHS = NO;
				ARCHS = "$(ARCHS_STANDARD_32_BIT)";
				CLANG_CXX_LANGUAGE_STANDARD = "gnu++0x";
				CLANG_ENABLE_OBJC_ARC = YES;
				CLANG_WARN_CONSTANT_CONVERSION = YES;
				CLANG_WARN_ENUM_CONVERSION = YES;
				CLANG_WARN_INT_CONVERSION = YES;
				CLANG_WARN__DUPLICATE_METHOD_MATCH = YES;
				CODE_SIGN_IDENTITY = "iPhone Developer: Jhermin Cruz (723WF65B7J)";
				"CODE_SIGN_IDENTITY[sdk=iphoneos*]" = "iPhone Developer: Jhermin Cruz (723WF65B7J)";
				COPY_PHASE_STRIP = NO;
				GCC_C_LANGUAGE_STANDARD = gnu99;
				GCC_DYNAMIC_NO_PIC = NO;
				GCC_OPTIMIZATION_LEVEL = 0;
				GCC_PREPROCESSOR_DEFINITIONS = (
					"DEBUG=1",
					"$(inherited)",
				);
				GCC_SYMBOLS_PRIVATE_EXTERN = NO;
				GCC_VERSION = com.apple.compilers.llvm.clang.1_0;
				GCC_WARN_ABOUT_RETURN_TYPE = YES;
				GCC_WARN_UNINITIALIZED_AUTOS = YES;
				GCC_WARN_UNUSED_VARIABLE = YES;
				IPHONEOS_DEPLOYMENT_TARGET = 5.1;
				PROVISIONING_PROFILE = "1C4BC70D-A309-4971-A023-67AD1182C57E";
				"PROVISIONING_PROFILE[sdk=iphoneos*]" = "1C4BC70D-A309-4971-A023-67AD1182C57E";
				SDKROOT = iphoneos;
			};
			name = Debug;
		};
		0C21FDD3164CA2F2006152B9 /* Release */ = {
			isa = XCBuildConfiguration;
			buildSettings = {
				ALWAYS_SEARCH_USER_PATHS = NO;
				ARCHS = "$(ARCHS_STANDARD_32_BIT)";
				CLANG_CXX_LANGUAGE_STANDARD = "gnu++0x";
				CLANG_ENABLE_OBJC_ARC = YES;
				CLANG_WARN_CONSTANT_CONVERSION = YES;
				CLANG_WARN_ENUM_CONVERSION = YES;
				CLANG_WARN_INT_CONVERSION = YES;
				CLANG_WARN__DUPLICATE_METHOD_MATCH = YES;
				CODE_SIGN_IDENTITY = "iPhone Developer: Jhermin Cruz (723WF65B7J)";
				"CODE_SIGN_IDENTITY[sdk=iphoneos*]" = "iPhone Developer: Jhermin Cruz (723WF65B7J)";
				COPY_PHASE_STRIP = YES;
				GCC_C_LANGUAGE_STANDARD = gnu99;
				GCC_VERSION = com.apple.compilers.llvm.clang.1_0;
				GCC_WARN_ABOUT_RETURN_TYPE = YES;
				GCC_WARN_UNINITIALIZED_AUTOS = YES;
				GCC_WARN_UNUSED_VARIABLE = YES;
				IPHONEOS_DEPLOYMENT_TARGET = 5.1;
				OTHER_CFLAGS = "-DNS_BLOCK_ASSERTIONS=1";
				PROVISIONING_PROFILE = "1C4BC70D-A309-4971-A023-67AD1182C57E";
				"PROVISIONING_PROFILE[sdk=iphoneos*]" = "1C4BC70D-A309-4971-A023-67AD1182C57E";
				SDKROOT = iphoneos;
				VALIDATE_PRODUCT = YES;
			};
			name = Release;
		};
		0C21FDD5164CA2F2006152B9 /* Debug */ = {
			isa = XCBuildConfiguration;
			buildSettings = {
				CLANG_ENABLE_OBJC_ARC = YES;
				CODE_SIGN_IDENTITY = "iPhone Developer: Jhermin Cruz (723WF65B7J)";
				GCC_PRECOMPILE_PREFIX_HEADER = YES;
				GCC_PREFIX_HEADER = "OpenGLTestProgram/AlienInvasion-Prefix.pch";
				INFOPLIST_FILE = "OpenGLTestProgram/AlienInvasion-Info.plist";
				IPHONEOS_DEPLOYMENT_TARGET = 6.1;
				PRODUCT_NAME = AlienInvasion;
				PROVISIONING_PROFILE = "1C4BC70D-A309-4971-A023-67AD1182C57E";
				SDKROOT = iphoneos;
				WRAPPER_EXTENSION = app;
			};
			name = Debug;
		};
		0C21FDD6164CA2F2006152B9 /* Release */ = {
			isa = XCBuildConfiguration;
			buildSettings = {
				CLANG_ENABLE_OBJC_ARC = YES;
				CODE_SIGN_IDENTITY = "iPhone Developer: Jhermin Cruz (723WF65B7J)";
				GCC_PRECOMPILE_PREFIX_HEADER = YES;
				GCC_PREFIX_HEADER = "OpenGLTestProgram/AlienInvasion-Prefix.pch";
				INFOPLIST_FILE = "OpenGLTestProgram/AlienInvasion-Info.plist";
				IPHONEOS_DEPLOYMENT_TARGET = 6.1;
				PRODUCT_NAME = AlienInvasion;
				PROVISIONING_PROFILE = "1C4BC70D-A309-4971-A023-67AD1182C57E";
				SDKROOT = iphoneos;
				WRAPPER_EXTENSION = app;
			};
			name = Release;
		};
/* End XCBuildConfiguration section */

/* Begin XCConfigurationList section */
		0C21FDB6164CA2F2006152B9 /* Build configuration list for PBXProject "AlienInvasion" */ = {
			isa = XCConfigurationList;
			buildConfigurations = (
				0C21FDD2164CA2F2006152B9 /* Debug */,
				0C21FDD3164CA2F2006152B9 /* Release */,
			);
			defaultConfigurationIsVisible = 0;
			defaultConfigurationName = Release;
		};
		0C21FDD4164CA2F2006152B9 /* Build configuration list for PBXNativeTarget "AlienInvasion" */ = {
			isa = XCConfigurationList;
			buildConfigurations = (
				0C21FDD5164CA2F2006152B9 /* Debug */,
				0C21FDD6164CA2F2006152B9 /* Release */,
			);
			defaultConfigurationIsVisible = 0;
			defaultConfigurationName = Release;
		};
/* End XCConfigurationList section */
	};
	rootObject = 0C21FDB3164CA2F2006152B9 /* Project object */;
}
